// !$*UTF8*$!
{
	archiveVersion = 1;
	classes = {
	};
	objectVersion = 60;
	objects = {

/* Begin PBXBuildFile section */
		2906B162EABEB3EC7EA98B36 /* Foundation.framework in Frameworks */ = {isa = PBXBuildFile; fileRef = E032FDEE137C4898E58F8EBC /* Foundation.framework */; };
		3B9AAF5B5558D10A59877C91 /* ScreenshotTests.swift in Sources */ = {isa = PBXBuildFile; fileRef = 5AE810893CC4B1EF12D98611 /* ScreenshotTests.swift */; };
		AA000001 /* WraithVPNApp.swift in Sources */ = {isa = PBXBuildFile; fileRef = AA100001 /* WraithVPNApp.swift */; };
		AA000002 /* ContentView.swift in Sources */ = {isa = PBXBuildFile; fileRef = AA100002 /* ContentView.swift */; };
		AA000003 /* ConnectView.swift in Sources */ = {isa = PBXBuildFile; fileRef = AA100003 /* ConnectView.swift */; };
		AA000004 /* ServerPickerView.swift in Sources */ = {isa = PBXBuildFile; fileRef = AA100004 /* ServerPickerView.swift */; };
		AA000005 /* OnboardingView.swift in Sources */ = {isa = PBXBuildFile; fileRef = AA100005 /* OnboardingView.swift */; };
		AA000006 /* SettingsView.swift in Sources */ = {isa = PBXBuildFile; fileRef = AA100006 /* SettingsView.swift */; };
		AA000007 /* PaywallView.swift in Sources */ = {isa = PBXBuildFile; fileRef = AA100007 /* PaywallView.swift */; };
		AA000008 /* Models.swift in Sources */ = {isa = PBXBuildFile; fileRef = AA100008 /* Models.swift */; };
		AA000009 /* APIClient.swift in Sources */ = {isa = PBXBuildFile; fileRef = AA100009 /* APIClient.swift */; };
		AA000010 /* WireGuardManager.swift in Sources */ = {isa = PBXBuildFile; fileRef = AA100010 /* WireGuardManager.swift */; };
		AA000011 /* StoreKitManager.swift in Sources */ = {isa = PBXBuildFile; fileRef = AA100011 /* StoreKitManager.swift */; };
		AA000012 /* ServerListManager.swift in Sources */ = {isa = PBXBuildFile; fileRef = AA100012 /* ServerListManager.swift */; };
		AA000013 /* KeychainHelper.swift in Sources */ = {isa = PBXBuildFile; fileRef = AA100013 /* KeychainHelper.swift */; };
		AA000014 /* DesignSystem.swift in Sources */ = {isa = PBXBuildFile; fileRef = AA100014 /* DesignSystem.swift */; };
		AA000015 /* Assets.xcassets in Resources */ = {isa = PBXBuildFile; fileRef = AA100015 /* Assets.xcassets */; };
		AA000016 /* HavenDNSManager.swift in Sources */ = {isa = PBXBuildFile; fileRef = AA100018 /* HavenDNSManager.swift */; };
		AA00001A /* HavenDNSSettingsView.swift in Sources */ = {isa = PBXBuildFile; fileRef = AA10001A /* HavenDNSSettingsView.swift */; };
		AA00001B /* AchievementsView.swift in Sources */ = {isa = PBXBuildFile; fileRef = AA10001B /* AchievementsView.swift */; };
		AA00001C /* DnsStatsView.swift in Sources */ = {isa = PBXBuildFile; fileRef = AA10001C /* DnsStatsView.swift */; };
		AA00001E /* UpgradeSheet.swift in Sources */ = {isa = PBXBuildFile; fileRef = AA10001E /* UpgradeSheet.swift */; };
		AA00001F /* MultiHopPickerSheet.swift in Sources */ = {isa = PBXBuildFile; fileRef = AA10001F /* MultiHopPickerSheet.swift */; };
		AA000020 /* PacketTunnelProvider.swift in Sources */ = {isa = PBXBuildFile; fileRef = AA100020 /* PacketTunnelProvider.swift */; };
		AA000021 /* TunnelConfiguration+WgQuickConfig.swift in Sources */ = {isa = PBXBuildFile; fileRef = AA100022 /* TunnelConfiguration+WgQuickConfig.swift */; };
		AA000022 /* String+ArrayConversion.swift in Sources */ = {isa = PBXBuildFile; fileRef = AA100023 /* String+ArrayConversion.swift */; };
		AA000023 /* DebugLogger.swift in Sources */ = {isa = PBXBuildFile; fileRef = AA100024 /* DebugLogger.swift */; };
		AA000024 /* DNSHealthCheck.swift in Sources */ = {isa = PBXBuildFile; fileRef = AA100025 /* DNSHealthCheck.swift */; };
		AA000025 /* DebugLogView.swift in Sources */ = {isa = PBXBuildFile; fileRef = AA100026 /* DebugLogView.swift */; };
		AA000026 /* ConnectVPNIntent.swift in Sources */ = {isa = PBXBuildFile; fileRef = AA100027 /* ConnectVPNIntent.swift */; };
		AA000027 /* DisconnectVPNIntent.swift in Sources */ = {isa = PBXBuildFile; fileRef = AA100028 /* DisconnectVPNIntent.swift */; };
		AA000028 /* WraithAppShortcuts.swift in Sources */ = {isa = PBXBuildFile; fileRef = AA100029 /* WraithAppShortcuts.swift */; };
		AA000029 /* TelemetryManager.swift in Sources */ = {isa = PBXBuildFile; fileRef = AA100039 /* TelemetryManager.swift */; };
		AA00002F /* RegionPickerView.swift in Sources */ = {isa = PBXBuildFile; fileRef = AA10002F /* RegionPickerView.swift */; };
		AA000030 /* NetworkExtension.framework in Frameworks */ = {isa = PBXBuildFile; fileRef = AA100030 /* NetworkExtension.framework */; };
		AA000031 /* StoreKit.framework in Frameworks */ = {isa = PBXBuildFile; fileRef = AA100031 /* StoreKit.framework */; };
		AA000032 /* CryptoKit.framework in Frameworks */ = {isa = PBXBuildFile; fileRef = AA100032 /* CryptoKit.framework */; };
		AA000033 /* Network.framework in Frameworks */ = {isa = PBXBuildFile; fileRef = AA100033 /* Network.framework */; };
		AA000034 /* NetworkExtension.framework in Frameworks */ = {isa = PBXBuildFile; fileRef = AA100030 /* NetworkExtension.framework */; };
		AA000035 /* WireGuardKit in Frameworks */ = {isa = PBXBuildFile; productRef = BCWGPROD001 /* WireGuardKit */; };
		AA000036 /* LatencyProbe.swift in Sources */ = {isa = PBXBuildFile; fileRef = AA100040 /* LatencyProbe.swift */; };
		AA000041 /* CodeRedemptionView.swift in Sources */ = {isa = PBXBuildFile; fileRef = AA100041 /* CodeRedemptionView.swift */; };
		AACOPYREF001 /* WireGuardTunnel.appex in Embed Foundation Extensions */ = {isa = PBXBuildFile; fileRef = AAPROD002 /* WireGuardTunnel.appex */; platformFilters = (iphoneos, ); settings = {ATTRIBUTES = (RemoveHeadersOnCopy, ); }; };
		AAPRIV001 /* PrivacyInfo.xcprivacy in Resources */ = {isa = PBXBuildFile; fileRef = AAPRIV100 /* PrivacyInfo.xcprivacy */; };
		AATST200 /* ModelTests.swift in Sources */ = {isa = PBXBuildFile; fileRef = AATST100 /* ModelTests.swift */; };
		AATST201 /* KeychainHelperTests.swift in Sources */ = {isa = PBXBuildFile; fileRef = AATST101 /* KeychainHelperTests.swift */; };
		AATST202 /* APIClientTests.swift in Sources */ = {isa = PBXBuildFile; fileRef = AATST102 /* APIClientTests.swift */; };
		AATST203 /* StoreKitManagerTests.swift in Sources */ = {isa = PBXBuildFile; fileRef = AATST103 /* StoreKitManagerTests.swift */; };
		AATST204 /* ServerListManagerTests.swift in Sources */ = {isa = PBXBuildFile; fileRef = AATST104 /* ServerListManagerTests.swift */; };
		AATST205 /* HavenDNSManagerTests.swift in Sources */ = {isa = PBXBuildFile; fileRef = AATST105 /* HavenDNSManagerTests.swift */; };
		AATUNPRIV001 /* PrivacyInfo.xcprivacy in Resources */ = {isa = PBXBuildFile; fileRef = AATUNPRIV100 /* PrivacyInfo.xcprivacy */; };
		BBMAC050 /* WraithVPNMacApp.swift in Sources */ = {isa = PBXBuildFile; fileRef = BBMAC010 /* WraithVPNMacApp.swift */; };
		BBMAC054 /* APIClient.swift in Sources */ = {isa = PBXBuildFile; fileRef = AA100009 /* APIClient.swift */; };
		BBMAC055 /* StoreKitManager.swift in Sources */ = {isa = PBXBuildFile; fileRef = AA100011 /* StoreKitManager.swift */; };
		BBMAC056 /* HavenDNSManager.swift in Sources */ = {isa = PBXBuildFile; fileRef = AA100018 /* HavenDNSManager.swift */; };
		BBMAC057 /* KeychainHelper.swift in Sources */ = {isa = PBXBuildFile; fileRef = AA100013 /* KeychainHelper.swift */; };
		BBMAC058 /* Models.swift in Sources */ = {isa = PBXBuildFile; fileRef = AA100008 /* Models.swift */; };
		BBMAC060 /* PrivacyInfo.xcprivacy in Resources */ = {isa = PBXBuildFile; fileRef = BBMAC015 /* PrivacyInfo.xcprivacy */; };
		BBMAC062 /* Assets.xcassets in Resources */ = {isa = PBXBuildFile; fileRef = AA100015 /* Assets.xcassets */; };
		BBMAC063 /* WireGuardManager.swift in Sources */ = {isa = PBXBuildFile; fileRef = AA100010 /* WireGuardManager.swift */; };
		BBMAC064 /* ServerListManager.swift in Sources */ = {isa = PBXBuildFile; fileRef = AA100012 /* ServerListManager.swift */; };
		BBMAC065 /* DesignSystem.swift in Sources */ = {isa = PBXBuildFile; fileRef = AA100014 /* DesignSystem.swift */; };
		BBMAC066 /* MainMenuView.swift in Sources */ = {isa = PBXBuildFile; fileRef = BBMAC020 /* MainMenuView.swift */; };
		BBMAC067 /* MacAccountView.swift in Sources */ = {isa = PBXBuildFile; fileRef = BBMAC021 /* MacAccountView.swift */; };
		BBMAC068 /* NetworkExtension.framework in Frameworks */ = {isa = PBXBuildFile; fileRef = AA100030 /* NetworkExtension.framework */; };
		BBMAC069 /* DebugLogger.swift in Sources */ = {isa = PBXBuildFile; fileRef = AA100024 /* DebugLogger.swift */; };
		BBMAC070 /* DNSHealthCheck.swift in Sources */ = {isa = PBXBuildFile; fileRef = AA100025 /* DNSHealthCheck.swift */; };
		BBMAC071 /* TelemetryManager.swift in Sources */ = {isa = PBXBuildFile; fileRef = AA100039 /* TelemetryManager.swift */; };
		BBMAC099 /* LatencyProbe.swift in Sources */ = {isa = PBXBuildFile; fileRef = AA100040 /* LatencyProbe.swift */; };
		BBMAC100 /* MacMainView.swift in Sources */ = {isa = PBXBuildFile; fileRef = BBMAC025 /* MacMainView.swift */; };
		BBMACNFW001 /* MacRegionPickerView.swift in Sources */ = {isa = PBXBuildFile; fileRef = BBMACNEW001 /* MacRegionPickerView.swift */; };
		BBMACNFW002 /* MacMultiHopPickerView.swift in Sources */ = {isa = PBXBuildFile; fileRef = BBMACNEW002 /* MacMultiHopPickerView.swift */; };
		BBMACNFW003 /* MacHavenDNSSettingsView.swift in Sources */ = {isa = PBXBuildFile; fileRef = BBMACNEW003 /* MacHavenDNSSettingsView.swift */; };
		BBMACNFW004 /* MacDnsStatsView.swift in Sources */ = {isa = PBXBuildFile; fileRef = BBMACNEW004 /* MacDnsStatsView.swift */; };
		BBMACNFW005 /* MacAchievementsView.swift in Sources */ = {isa = PBXBuildFile; fileRef = BBMACNEW005 /* MacAchievementsView.swift */; };
		BBMACNFW006 /* MacUpgradeSheet.swift in Sources */ = {isa = PBXBuildFile; fileRef = BBMACNEW006 /* MacUpgradeSheet.swift */; };
		BBMACTUNBF002 /* PacketTunnelProvider.swift in Sources */ = {isa = PBXBuildFile; fileRef = AA100020 /* PacketTunnelProvider.swift */; };
		BBMACTUNBF004 /* WraithVPNMacTunnel.appex in Embed App Extensions */ = {isa = PBXBuildFile; fileRef = BBMACTUNFR003 /* WraithVPNMacTunnel.appex */; settings = {ATTRIBUTES = (RemoveHeadersOnCopy, ); }; };
		BBMACTUNBF005 /* WireGuardKit in Frameworks */ = {isa = PBXBuildFile; productRef = BBMACTUNWG001 /* WireGuardKit */; };
		D23E842CD4882048071FBE21 /* SnapshotHelper.swift in Sources */ = {isa = PBXBuildFile; fileRef = 04C7408A151052A26A9E2AA2 /* SnapshotHelper.swift */; };
		KFSTYLE_IOS_BF /* KatafractStyle in Frameworks */ = {isa = PBXBuildFile; productRef = KFSTYLE_IOS_PROD /* KatafractStyle */; };
		KFSTYLE_MAC_BF /* KatafractStyle in Frameworks */ = {isa = PBXBuildFile; productRef = KFSTYLE_MAC_PROD /* KatafractStyle */; };
/* End PBXBuildFile section */

/* Begin PBXContainerItemProxy section */
		AADEPPROXY001 /* PBXContainerItemProxy */ = {
			isa = PBXContainerItemProxy;
			containerPortal = AAPROJ001 /* Project object */;
			proxyType = 1;
			remoteGlobalIDString = AATGT002;
			remoteInfo = WireGuardTunnel;
		};
		AATST_PROXY /* PBXContainerItemProxy */ = {
			isa = PBXContainerItemProxy;
			containerPortal = AAPROJ001 /* Project object */;
			proxyType = 1;
			remoteGlobalIDString = AATGT001;
			remoteInfo = WraithVPN;
		};
		BBMACPROXY001 /* PBXContainerItemProxy */ = {
			isa = PBXContainerItemProxy;
			containerPortal = AAPROJ001 /* Project object */;
			proxyType = 1;
			remoteGlobalIDString = BBMACTUN001;
			remoteInfo = WraithVPNMacTunnel;
		};
		BC9FECEA2F80E5150020F723 /* PBXContainerItemProxy */ = {
			isa = PBXContainerItemProxy;
			containerPortal = BC9FECE02F80E5140020F723 /* WireGuard.xcodeproj */;
			proxyType = 2;
			remoteGlobalIDString = 6FF4AC14211EC46F002C96EB;
			remoteInfo = WireGuardiOS;
		};
		BC9FECEC2F80E5150020F723 /* PBXContainerItemProxy */ = {
			isa = PBXContainerItemProxy;
			containerPortal = BC9FECE02F80E5140020F723 /* WireGuard.xcodeproj */;
			proxyType = 2;
			remoteGlobalIDString = 6F5D0C1A218352EF000F85AD;
			remoteInfo = WireGuardNetworkExtensioniOS;
		};
		BC9FECEE2F80E5150020F723 /* PBXContainerItemProxy */ = {
			isa = PBXContainerItemProxy;
			containerPortal = BC9FECE02F80E5140020F723 /* WireGuard.xcodeproj */;
			proxyType = 2;
			remoteGlobalIDString = 6FB1BD5D21D2607A00A991BF;
			remoteInfo = WireGuardmacOS;
		};
		BC9FECF02F80E5150020F723 /* PBXContainerItemProxy */ = {
			isa = PBXContainerItemProxy;
			containerPortal = BC9FECE02F80E5140020F723 /* WireGuard.xcodeproj */;
			proxyType = 2;
			remoteGlobalIDString = 6FB1BD9121D4BFE600A991BF;
			remoteInfo = WireGuardNetworkExtensionmacOS;
		};
		BC9FECF22F80E5150020F723 /* PBXContainerItemProxy */ = {
			isa = PBXContainerItemProxy;
			containerPortal = BC9FECE02F80E5140020F723 /* WireGuard.xcodeproj */;
			proxyType = 2;
			remoteGlobalIDString = 6F70E22922106A2D008BDFB4;
			remoteInfo = WireGuardmacOSLoginItemHelper;
		};
/* End PBXContainerItemProxy section */

/* Begin PBXCopyFilesBuildPhase section */
		AACOPY001 /* Embed Foundation Extensions */ = {
			isa = PBXCopyFilesBuildPhase;
			buildActionMask = 2147483647;
			dstPath = "";
			dstSubfolderSpec = 13;
			files = (
				AACOPYREF001 /* WireGuardTunnel.appex in Embed Foundation Extensions */,
			);
			name = "Embed Foundation Extensions";
			runOnlyForDeploymentPostprocessing = 0;
		};
		BBMACEMBED001 /* Embed App Extensions */ = {
			isa = PBXCopyFilesBuildPhase;
			buildActionMask = 2147483647;
			dstPath = "";
			dstSubfolderSpec = 13;
			files = (
				BBMACTUNBF004 /* WraithVPNMacTunnel.appex in Embed App Extensions */,
			);
			name = "Embed App Extensions";
			runOnlyForDeploymentPostprocessing = 0;
		};
/* End PBXCopyFilesBuildPhase section */

/* Begin PBXFileReference section */
		04C7408A151052A26A9E2AA2 /* SnapshotHelper.swift */ = {isa = PBXFileReference; includeInIndex = 1; lastKnownFileType = sourcecode.swift; path = "WraithVPN/UITests/SnapshotHelper.swift"; sourceTree = SOURCE_ROOT; };
		5AE810893CC4B1EF12D98611 /* ScreenshotTests.swift */ = {isa = PBXFileReference; includeInIndex = 1; lastKnownFileType = sourcecode.swift; path = "WraithVPN/UITests/ScreenshotTests.swift"; sourceTree = SOURCE_ROOT; };
		AA100001 /* WraithVPNApp.swift */ = {isa = PBXFileReference; lastKnownFileType = sourcecode.swift; path = WraithVPNApp.swift; sourceTree = "<group>"; };
		AA100002 /* ContentView.swift */ = {isa = PBXFileReference; lastKnownFileType = sourcecode.swift; path = ContentView.swift; sourceTree = "<group>"; };
		AA100003 /* ConnectView.swift */ = {isa = PBXFileReference; lastKnownFileType = sourcecode.swift; path = ConnectView.swift; sourceTree = "<group>"; };
		AA100004 /* ServerPickerView.swift */ = {isa = PBXFileReference; lastKnownFileType = sourcecode.swift; path = ServerPickerView.swift; sourceTree = "<group>"; };
		AA100005 /* OnboardingView.swift */ = {isa = PBXFileReference; lastKnownFileType = sourcecode.swift; path = OnboardingView.swift; sourceTree = "<group>"; };
		AA100006 /* SettingsView.swift */ = {isa = PBXFileReference; lastKnownFileType = sourcecode.swift; path = SettingsView.swift; sourceTree = "<group>"; };
		AA100007 /* PaywallView.swift */ = {isa = PBXFileReference; lastKnownFileType = sourcecode.swift; path = PaywallView.swift; sourceTree = "<group>"; };
		AA100008 /* Models.swift */ = {isa = PBXFileReference; lastKnownFileType = sourcecode.swift; path = Models.swift; sourceTree = "<group>"; };
		AA100009 /* APIClient.swift */ = {isa = PBXFileReference; lastKnownFileType = sourcecode.swift; path = APIClient.swift; sourceTree = "<group>"; };
		AA100010 /* WireGuardManager.swift */ = {isa = PBXFileReference; lastKnownFileType = sourcecode.swift; path = WireGuardManager.swift; sourceTree = "<group>"; };
		AA100011 /* StoreKitManager.swift */ = {isa = PBXFileReference; lastKnownFileType = sourcecode.swift; path = StoreKitManager.swift; sourceTree = "<group>"; };
		AA100012 /* ServerListManager.swift */ = {isa = PBXFileReference; lastKnownFileType = sourcecode.swift; path = ServerListManager.swift; sourceTree = "<group>"; };
		AA100013 /* KeychainHelper.swift */ = {isa = PBXFileReference; lastKnownFileType = sourcecode.swift; path = KeychainHelper.swift; sourceTree = "<group>"; };
		AA100014 /* DesignSystem.swift */ = {isa = PBXFileReference; lastKnownFileType = sourcecode.swift; path = DesignSystem.swift; sourceTree = "<group>"; };
		AA100015 /* Assets.xcassets */ = {isa = PBXFileReference; lastKnownFileType = folder.assetcatalog; path = Assets.xcassets; sourceTree = "<group>"; };
		AA100016 /* Info.plist */ = {isa = PBXFileReference; lastKnownFileType = text.plist.xml; path = Info.plist; sourceTree = "<group>"; };
		AA100017 /* WraithVPN.entitlements */ = {isa = PBXFileReference; lastKnownFileType = text.plist.entitlements; path = WraithVPN.entitlements; sourceTree = "<group>"; };
		AA100018 /* HavenDNSManager.swift */ = {isa = PBXFileReference; lastKnownFileType = sourcecode.swift; path = HavenDNSManager.swift; sourceTree = "<group>"; };
		AA10001A /* HavenDNSSettingsView.swift */ = {isa = PBXFileReference; lastKnownFileType = sourcecode.swift; path = HavenDNSSettingsView.swift; sourceTree = "<group>"; };
		AA10001B /* AchievementsView.swift */ = {isa = PBXFileReference; lastKnownFileType = sourcecode.swift; path = AchievementsView.swift; sourceTree = "<group>"; };
		AA10001C /* DnsStatsView.swift */ = {isa = PBXFileReference; lastKnownFileType = sourcecode.swift; path = DnsStatsView.swift; sourceTree = "<group>"; };
		AA10001E /* UpgradeSheet.swift */ = {isa = PBXFileReference; lastKnownFileType = sourcecode.swift; path = UpgradeSheet.swift; sourceTree = "<group>"; };
		AA10001F /* MultiHopPickerSheet.swift */ = {isa = PBXFileReference; lastKnownFileType = sourcecode.swift; path = MultiHopPickerSheet.swift; sourceTree = "<group>"; };
		AA100020 /* PacketTunnelProvider.swift */ = {isa = PBXFileReference; lastKnownFileType = sourcecode.swift; path = PacketTunnelProvider.swift; sourceTree = "<group>"; };
		AA100021 /* WireGuardTunnel.entitlements */ = {isa = PBXFileReference; lastKnownFileType = text.plist.entitlements; path = WireGuardTunnel.entitlements; sourceTree = "<group>"; };
		AA100022 /* TunnelConfiguration+WgQuickConfig.swift */ = {isa = PBXFileReference; lastKnownFileType = sourcecode.swift; path = "TunnelConfiguration+WgQuickConfig.swift"; sourceTree = "<group>"; };
		AA100023 /* String+ArrayConversion.swift */ = {isa = PBXFileReference; lastKnownFileType = sourcecode.swift; path = "String+ArrayConversion.swift"; sourceTree = "<group>"; };
		AA100024 /* DebugLogger.swift */ = {isa = PBXFileReference; lastKnownFileType = sourcecode.swift; path = DebugLogger.swift; sourceTree = "<group>"; };
		AA100025 /* DNSHealthCheck.swift */ = {isa = PBXFileReference; lastKnownFileType = sourcecode.swift; path = DNSHealthCheck.swift; sourceTree = "<group>"; };
		AA100026 /* DebugLogView.swift */ = {isa = PBXFileReference; lastKnownFileType = sourcecode.swift; path = DebugLogView.swift; sourceTree = "<group>"; };
		AA100027 /* ConnectVPNIntent.swift */ = {isa = PBXFileReference; lastKnownFileType = sourcecode.swift; path = ConnectVPNIntent.swift; sourceTree = "<group>"; };
		AA100028 /* DisconnectVPNIntent.swift */ = {isa = PBXFileReference; lastKnownFileType = sourcecode.swift; path = DisconnectVPNIntent.swift; sourceTree = "<group>"; };
		AA100029 /* WraithAppShortcuts.swift */ = {isa = PBXFileReference; lastKnownFileType = sourcecode.swift; path = WraithAppShortcuts.swift; sourceTree = "<group>"; };
		AA10002F /* RegionPickerView.swift */ = {isa = PBXFileReference; lastKnownFileType = sourcecode.swift; path = RegionPickerView.swift; sourceTree = "<group>"; };
		AA100030 /* NetworkExtension.framework */ = {isa = PBXFileReference; lastKnownFileType = wrapper.framework; name = NetworkExtension.framework; path = System/Library/Frameworks/NetworkExtension.framework; sourceTree = SDKROOT; };
		AA100031 /* StoreKit.framework */ = {isa = PBXFileReference; lastKnownFileType = wrapper.framework; name = StoreKit.framework; path = System/Library/Frameworks/StoreKit.framework; sourceTree = SDKROOT; };
		AA100032 /* CryptoKit.framework */ = {isa = PBXFileReference; lastKnownFileType = wrapper.framework; name = CryptoKit.framework; path = System/Library/Frameworks/CryptoKit.framework; sourceTree = SDKROOT; };
		AA100033 /* Network.framework */ = {isa = PBXFileReference; lastKnownFileType = wrapper.framework; name = Network.framework; path = System/Library/Frameworks/Network.framework; sourceTree = SDKROOT; };
		AA100039 /* TelemetryManager.swift */ = {isa = PBXFileReference; lastKnownFileType = sourcecode.swift; path = TelemetryManager.swift; sourceTree = "<group>"; };
		AA100040 /* LatencyProbe.swift */ = {isa = PBXFileReference; lastKnownFileType = sourcecode.swift; path = LatencyProbe.swift; sourceTree = "<group>"; };
		AA100041 /* CodeRedemptionView.swift */ = {isa = PBXFileReference; lastKnownFileType = sourcecode.swift; path = CodeRedemptionView.swift; sourceTree = "<group>"; };
		AAPRIV100 /* PrivacyInfo.xcprivacy */ = {isa = PBXFileReference; lastKnownFileType = text.plist.xml; path = PrivacyInfo.xcprivacy; sourceTree = "<group>"; };
		AAPROD001 /* WraithVPN.app */ = {isa = PBXFileReference; explicitFileType = wrapper.application; includeInIndex = 0; path = WraithVPN.app; sourceTree = BUILT_PRODUCTS_DIR; };
		AAPROD002 /* WireGuardTunnel.appex */ = {isa = PBXFileReference; explicitFileType = "wrapper.app-extension"; includeInIndex = 0; path = WireGuardTunnel.appex; sourceTree = BUILT_PRODUCTS_DIR; };
		AATST100 /* ModelTests.swift */ = {isa = PBXFileReference; lastKnownFileType = sourcecode.swift; path = ModelTests.swift; sourceTree = "<group>"; };
		AATST101 /* KeychainHelperTests.swift */ = {isa = PBXFileReference; lastKnownFileType = sourcecode.swift; path = KeychainHelperTests.swift; sourceTree = "<group>"; };
		AATST102 /* APIClientTests.swift */ = {isa = PBXFileReference; lastKnownFileType = sourcecode.swift; path = APIClientTests.swift; sourceTree = "<group>"; };
		AATST103 /* StoreKitManagerTests.swift */ = {isa = PBXFileReference; lastKnownFileType = sourcecode.swift; path = StoreKitManagerTests.swift; sourceTree = "<group>"; };
		AATST104 /* ServerListManagerTests.swift */ = {isa = PBXFileReference; lastKnownFileType = sourcecode.swift; path = ServerListManagerTests.swift; sourceTree = "<group>"; };
		AATST105 /* HavenDNSManagerTests.swift */ = {isa = PBXFileReference; lastKnownFileType = sourcecode.swift; path = HavenDNSManagerTests.swift; sourceTree = "<group>"; };
		AATST_PROD /* WraithVPNTests.xctest */ = {isa = PBXFileReference; explicitFileType = wrapper.cfbundle; includeInIndex = 0; path = WraithVPNTests.xctest; sourceTree = BUILT_PRODUCTS_DIR; };
		AATUNPRIV100 /* PrivacyInfo.xcprivacy */ = {isa = PBXFileReference; lastKnownFileType = text.plist.xml; path = PrivacyInfo.xcprivacy; sourceTree = "<group>"; };
		BBMAC010 /* WraithVPNMacApp.swift */ = {isa = PBXFileReference; lastKnownFileType = sourcecode.swift; path = WraithVPNMacApp.swift; sourceTree = "<group>"; };
		BBMAC014 /* Info.plist */ = {isa = PBXFileReference; lastKnownFileType = text.plist.xml; path = Info.plist; sourceTree = "<group>"; };
		BBMAC015 /* PrivacyInfo.xcprivacy */ = {isa = PBXFileReference; lastKnownFileType = text.plist.xml; path = PrivacyInfo.xcprivacy; sourceTree = "<group>"; };
		BBMAC016 /* WraithVPNMac.entitlements */ = {isa = PBXFileReference; lastKnownFileType = text.plist.entitlements; path = WraithVPNMac.entitlements; sourceTree = "<group>"; };
		BBMAC020 /* MainMenuView.swift */ = {isa = PBXFileReference; lastKnownFileType = sourcecode.swift; path = MainMenuView.swift; sourceTree = "<group>"; };
		BBMAC021 /* MacAccountView.swift */ = {isa = PBXFileReference; lastKnownFileType = sourcecode.swift; path = MacAccountView.swift; sourceTree = "<group>"; };
		BBMAC025 /* MacMainView.swift */ = {isa = PBXFileReference; lastKnownFileType = sourcecode.swift; path = MacMainView.swift; sourceTree = "<group>"; };
		BBMACNEW001 /* MacRegionPickerView.swift */ = {isa = PBXFileReference; lastKnownFileType = sourcecode.swift; path = MacRegionPickerView.swift; sourceTree = "<group>"; };
		BBMACNEW002 /* MacMultiHopPickerView.swift */ = {isa = PBXFileReference; lastKnownFileType = sourcecode.swift; path = MacMultiHopPickerView.swift; sourceTree = "<group>"; };
		BBMACNEW003 /* MacHavenDNSSettingsView.swift */ = {isa = PBXFileReference; lastKnownFileType = sourcecode.swift; path = MacHavenDNSSettingsView.swift; sourceTree = "<group>"; };
		BBMACNEW004 /* MacDnsStatsView.swift */ = {isa = PBXFileReference; lastKnownFileType = sourcecode.swift; path = MacDnsStatsView.swift; sourceTree = "<group>"; };
		BBMACNEW005 /* MacAchievementsView.swift */ = {isa = PBXFileReference; lastKnownFileType = sourcecode.swift; path = MacAchievementsView.swift; sourceTree = "<group>"; };
		BBMACNEW006 /* MacUpgradeSheet.swift */ = {isa = PBXFileReference; lastKnownFileType = sourcecode.swift; path = MacUpgradeSheet.swift; sourceTree = "<group>"; };
		BBMACPROD001 /* WraithVPNMac.app */ = {isa = PBXFileReference; explicitFileType = wrapper.application; includeInIndex = 0; path = WraithVPNMac.app; sourceTree = BUILT_PRODUCTS_DIR; };
		BBMACTUNFR001 /* Info.plist */ = {isa = PBXFileReference; lastKnownFileType = text.plist.xml; path = Info.plist; sourceTree = "<group>"; };
		BBMACTUNFR002 /* WraithVPNMacTunnel.entitlements */ = {isa = PBXFileReference; lastKnownFileType = text.plist.entitlements; path = WraithVPNMacTunnel.entitlements; sourceTree = "<group>"; };
		BBMACTUNFR003 /* WraithVPNMacTunnel.appex */ = {isa = PBXFileReference; explicitFileType = "wrapper.app-extension"; includeInIndex = 0; path = WraithVPNMacTunnel.appex; sourceTree = BUILT_PRODUCTS_DIR; };
		BC9FECE02F80E5140020F723 /* WireGuard.xcodeproj */ = {isa = PBXFileReference; lastKnownFileType = "wrapper.pb-project"; path = WireGuard.xcodeproj; sourceTree = "<group>"; };
		BCC37CBF2F84CC2E00ABBF3E /* TestPlan.xctestplan */ = {isa = PBXFileReference; lastKnownFileType = text; path = TestPlan.xctestplan; sourceTree = "<group>"; };
		E032FDEE137C4898E58F8EBC /* Foundation.framework */ = {isa = PBXFileReference; lastKnownFileType = wrapper.framework; name = Foundation.framework; path = Platforms/iPhoneOS.platform/Developer/SDKs/iPhoneOS18.0.sdk/System/Library/Frameworks/Foundation.framework; sourceTree = DEVELOPER_DIR; };
		F61CDF7E8AB10DFBD5494A53 /* WraithVPNUITests */ = {isa = PBXFileReference; includeInIndex = 0; path = WraithVPNUITests; sourceTree = BUILT_PRODUCTS_DIR; };
/* End PBXFileReference section */

/* Begin PBXFrameworksBuildPhase section */
		581BEAB255C06203C0EA60AB /* Frameworks */ = {
			isa = PBXFrameworksBuildPhase;
			buildActionMask = 2147483647;
			files = (
				2906B162EABEB3EC7EA98B36 /* Foundation.framework in Frameworks */,
			);
			runOnlyForDeploymentPostprocessing = 0;
		};
		AABP001 /* Frameworks */ = {
			isa = PBXFrameworksBuildPhase;
			buildActionMask = 2147483647;
			files = (
				AA000030 /* NetworkExtension.framework in Frameworks */,
				AA000031 /* StoreKit.framework in Frameworks */,
				AA000032 /* CryptoKit.framework in Frameworks */,
				AA000033 /* Network.framework in Frameworks */,
				KFSTYLE_IOS_BF /* KatafractStyle in Frameworks */,
			);
			runOnlyForDeploymentPostprocessing = 0;
		};
		AABP002 /* Frameworks */ = {
			isa = PBXFrameworksBuildPhase;
			buildActionMask = 2147483647;
			files = (
				AA000034 /* NetworkExtension.framework in Frameworks */,
				AA000035 /* WireGuardKit in Frameworks */,
			);
			runOnlyForDeploymentPostprocessing = 0;
		};
		BBMACBP001 /* Frameworks */ = {
			isa = PBXFrameworksBuildPhase;
			buildActionMask = 2147483647;
			files = (
				BBMAC068 /* NetworkExtension.framework in Frameworks */,
				KFSTYLE_MAC_BF /* KatafractStyle in Frameworks */,
			);
			runOnlyForDeploymentPostprocessing = 0;
		};
		BBMACTUNBP001 /* Frameworks */ = {
			isa = PBXFrameworksBuildPhase;
			buildActionMask = 2147483647;
			files = (
				BBMACTUNBF005 /* WireGuardKit in Frameworks */,
			);
			runOnlyForDeploymentPostprocessing = 0;
		};
/* End PBXFrameworksBuildPhase section */

/* Begin PBXGroup section */
		21AA0463483712D8F99C527F /* iOS */ = {
			isa = PBXGroup;
			children = (
				E032FDEE137C4898E58F8EBC /* Foundation.framework */,
			);
			name = iOS;
			sourceTree = "<group>";
		};
		7E6FDCD9D7CA227E5DE41B2E /* UITests */ = {
			isa = PBXGroup;
			children = (
				5AE810893CC4B1EF12D98611 /* ScreenshotTests.swift */,
				04C7408A151052A26A9E2AA2 /* SnapshotHelper.swift */,
			);
			name = UITests;
			sourceTree = "<group>";
		};
		AAGRP000 = {
			isa = PBXGroup;
			children = (
				BCC37CBF2F84CC2E00ABBF3E /* TestPlan.xctestplan */,
				AAGRP001 /* WraithVPN */,
				AAGRP005 /* WireGuardTunnel */,
				BBMACGRP001 /* WraithVPNMac */,
				BBMACTUNGRP01 /* WraithVPNMacTunnel */,
				AAGRP006 /* WraithVPNTests */,
				AAGRP009 /* Frameworks */,
				AAGRP010 /* Products */,
				BC9FECE02F80E5140020F723 /* WireGuard.xcodeproj */,
			);
			sourceTree = "<group>";
		};
		AAGRP001 /* WraithVPN */ = {
			isa = PBXGroup;
			children = (
				AA100001 /* WraithVPNApp.swift */,
				AAGRP002 /* Views */,
				AAGRP003 /* Managers */,
				AAGRP004 /* Helpers */,
				AAGRP004B /* Models */,
				AAGRP005B /* Intents */,
				AA100015 /* Assets.xcassets */,
				AA100016 /* Info.plist */,
				AA100017 /* WraithVPN.entitlements */,
				AAPRIV100 /* PrivacyInfo.xcprivacy */,
				7E6FDCD9D7CA227E5DE41B2E /* UITests */,
			);
			path = WraithVPN;
			sourceTree = "<group>";
		};
		AAGRP002 /* Views */ = {
			isa = PBXGroup;
			children = (
				AA100002 /* ContentView.swift */,
				AA100003 /* ConnectView.swift */,
				AA100004 /* ServerPickerView.swift */,
				AA100005 /* OnboardingView.swift */,
				AA100006 /* SettingsView.swift */,
				AA100007 /* PaywallView.swift */,
				AA10001A /* HavenDNSSettingsView.swift */,
				AA10001B /* AchievementsView.swift */,
				AA10001C /* DnsStatsView.swift */,
				AA10001E /* UpgradeSheet.swift */,
				AA10001F /* MultiHopPickerSheet.swift */,
				AA10002F /* RegionPickerView.swift */,
				AA100026 /* DebugLogView.swift */,
				AA100041 /* CodeRedemptionView.swift */,
			);
			path = Views;
			sourceTree = "<group>";
		};
		AAGRP003 /* Managers */ = {
			isa = PBXGroup;
			children = (
				AA100009 /* APIClient.swift */,
				AA100010 /* WireGuardManager.swift */,
				AA100011 /* StoreKitManager.swift */,
				AA100012 /* ServerListManager.swift */,
				AA100018 /* HavenDNSManager.swift */,
				AA100024 /* DebugLogger.swift */,
				AA100025 /* DNSHealthCheck.swift */,
				AA100039 /* TelemetryManager.swift */,
				AA100040 /* LatencyProbe.swift */,
			);
			path = Managers;
			sourceTree = "<group>";
		};
		AAGRP004 /* Helpers */ = {
			isa = PBXGroup;
			children = (
				AA100013 /* KeychainHelper.swift */,
				AA100014 /* DesignSystem.swift */,
			);
			path = Helpers;
			sourceTree = "<group>";
		};
		AAGRP004B /* Models */ = {
			isa = PBXGroup;
			children = (
				AA100008 /* Models.swift */,
			);
			path = Models;
			sourceTree = "<group>";
		};
		AAGRP005 /* WireGuardTunnel */ = {
			isa = PBXGroup;
			children = (
				AA100020 /* PacketTunnelProvider.swift */,
				AA100022 /* TunnelConfiguration+WgQuickConfig.swift */,
				AA100023 /* String+ArrayConversion.swift */,
				AA100021 /* WireGuardTunnel.entitlements */,
				AATUNPRIV100 /* PrivacyInfo.xcprivacy */,
			);
			path = WireGuardTunnel;
			sourceTree = "<group>";
		};
		AAGRP005B /* Intents */ = {
			isa = PBXGroup;
			children = (
				AA100027 /* ConnectVPNIntent.swift */,
				AA100028 /* DisconnectVPNIntent.swift */,
				AA100029 /* WraithAppShortcuts.swift */,
			);
			path = Intents;
			sourceTree = "<group>";
		};
		AAGRP006 /* WraithVPNTests */ = {
			isa = PBXGroup;
			children = (
				AATST100 /* ModelTests.swift */,
				AATST101 /* KeychainHelperTests.swift */,
				AATST102 /* APIClientTests.swift */,
				AATST103 /* StoreKitManagerTests.swift */,
				AATST104 /* ServerListManagerTests.swift */,
				AATST105 /* HavenDNSManagerTests.swift */,
			);
			path = WraithVPNTests;
			sourceTree = "<group>";
		};
		AAGRP009 /* Frameworks */ = {
			isa = PBXGroup;
			children = (
				AA100030 /* NetworkExtension.framework */,
				AA100031 /* StoreKit.framework */,
				AA100032 /* CryptoKit.framework */,
				AA100033 /* Network.framework */,
				21AA0463483712D8F99C527F /* iOS */,
			);
			name = Frameworks;
			sourceTree = "<group>";
		};
		AAGRP010 /* Products */ = {
			isa = PBXGroup;
			children = (
				AAPROD001 /* WraithVPN.app */,
				AAPROD002 /* WireGuardTunnel.appex */,
				BBMACPROD001 /* WraithVPNMac.app */,
				AATST_PROD /* WraithVPNTests.xctest */,
				F61CDF7E8AB10DFBD5494A53 /* WraithVPNUITests */,
			);
			name = Products;
			sourceTree = "<group>";
		};
		BBMACGRP001 /* WraithVPNMac */ = {
			isa = PBXGroup;
			children = (
				BBMAC010 /* WraithVPNMacApp.swift */,
				BBMAC020 /* MainMenuView.swift */,
				BBMAC021 /* MacAccountView.swift */,
				BBMAC025 /* MacMainView.swift */,
				BBMACNEW001 /* MacRegionPickerView.swift */,
				BBMACNEW002 /* MacMultiHopPickerView.swift */,
				BBMACNEW003 /* MacHavenDNSSettingsView.swift */,
				BBMACNEW004 /* MacDnsStatsView.swift */,
				BBMACNEW005 /* MacAchievementsView.swift */,
				BBMACNEW006 /* MacUpgradeSheet.swift */,
				BBMAC014 /* Info.plist */,
				BBMAC015 /* PrivacyInfo.xcprivacy */,
				BBMAC016 /* WraithVPNMac.entitlements */,
			);
			path = WraithVPNMac;
			sourceTree = "<group>";
		};
		BBMACTUNGRP01 /* WraithVPNMacTunnel */ = {
			isa = PBXGroup;
			children = (
				BBMACTUNFR002 /* WraithVPNMacTunnel.entitlements */,
				BBMACTUNFR001 /* Info.plist */,
			);
			path = WraithVPNMacTunnel;
			sourceTree = "<group>";
		};
		BC9FECE12F80E5140020F723 /* Products */ = {
			isa = PBXGroup;
			children = (
				BC9FECEB2F80E5150020F723 /* WireGuard.app */,
				BC9FECED2F80E5150020F723 /* WireGuardNetworkExtension.appex */,
				BC9FECEF2F80E5150020F723 /* WireGuard.app */,
				BC9FECF12F80E5150020F723 /* WireGuardNetworkExtension.appex */,
				BC9FECF32F80E5150020F723 /* WireGuardLoginItemHelper.app */,
				BBMACTUNFR003 /* WraithVPNMacTunnel.appex */,
			);
			name = Products;
			sourceTree = "<group>";
		};
/* End PBXGroup section */

/* Begin PBXNativeTarget section */
		860EB75C45ED6FFC5B32B3D3 /* WraithVPNUITests */ = {
			isa = PBXNativeTarget;
			productType = "com.apple.product-type.bundle.ui-testing";
			buildConfigurationList = 85BB95AD68DDD01141287377 /* Build configuration list for PBXNativeTarget "WraithVPNUITests" */;
			buildPhases = (
				7E02171455421306AA52683C /* Sources */,
				581BEAB255C06203C0EA60AB /* Frameworks */,
				FB439FC4537B136F8BC74574 /* Resources */,
			);
			buildRules = (
			);
			dependencies = (
				7DEE05BB4C89C3D07F02AE8A /* PBXTargetDependency */,
			);
			name = WraithVPNUITests;
			productName = WraithVPNUITests;
			productReference = F61CDF7E8AB10DFBD5494A53 /* WraithVPNUITests */;
		};
		AATGT001 /* WraithVPN */ = {
			isa = PBXNativeTarget;
			buildConfigurationList = AACL001 /* Build configuration list for PBXNativeTarget "WraithVPN" */;
			buildPhases = (
				AABP001 /* Frameworks */,
				AASP001 /* Sources */,
				AARES001 /* Resources */,
				AACOPY001 /* Embed Foundation Extensions */,
			);
			buildRules = (
			);
			dependencies = (
				AADEP001 /* PBXTargetDependency */,
			);
			name = WraithVPN;
			packageProductDependencies = (
				KFSTYLE_IOS_PROD /* KatafractStyle */,
			);
			productName = WraithVPN;
			productReference = AAPROD001 /* WraithVPN.app */;
			productType = "com.apple.product-type.application";
		};
		AATGT002 /* WireGuardTunnel */ = {
			isa = PBXNativeTarget;
			buildConfigurationList = AACL002 /* Build configuration list for PBXNativeTarget "WireGuardTunnel" */;
			buildPhases = (
				AABP002 /* Frameworks */,
				AASP002 /* Sources */,
				AATUNRES001 /* Resources */,
			);
			buildRules = (
			);
			dependencies = (
			);
			name = WireGuardTunnel;
			packageProductDependencies = (
				BCWGPROD001 /* WireGuardKit */,
			);
			productName = WireGuardTunnel;
			productReference = AAPROD002 /* WireGuardTunnel.appex */;
			productType = "com.apple.product-type.app-extension";
		};
		AATST001 /* WraithVPNTests */ = {
			isa = PBXNativeTarget;
			buildConfigurationList = AACL003 /* Build configuration list for PBXNativeTarget "WraithVPNTests" */;
			buildPhases = (
				AATST010 /* Sources */,
			);
			buildRules = (
			);
			dependencies = (
				AATST_DEP /* PBXTargetDependency */,
			);
			name = WraithVPNTests;
			productName = WraithVPNTests;
			productReference = AATST_PROD /* WraithVPNTests.xctest */;
			productType = "com.apple.product-type.bundle.unit-test";
		};
		BBMACTGT001 /* WraithVPNMac */ = {
			isa = PBXNativeTarget;
			buildConfigurationList = BBMACCL001 /* Build configuration list for PBXNativeTarget "WraithVPNMac" */;
			buildPhases = (
				BBMACBP001 /* Frameworks */,
				BBMACSP001 /* Sources */,
				BBMACRES001 /* Resources */,
				BBMACEMBED001 /* Embed App Extensions */,
			);
			buildRules = (
			);
			dependencies = (
				BBMACDEP001 /* PBXTargetDependency */,
			);
			name = WraithVPNMac;
			packageProductDependencies = (
				KFSTYLE_MAC_PROD /* KatafractStyle */,
			);
			productName = WraithVPNMac;
			productReference = BBMACPROD001 /* WraithVPNMac.app */;
			productType = "com.apple.product-type.application";
		};
		BBMACTUN001 /* WraithVPNMacTunnel */ = {
			isa = PBXNativeTarget;
			buildConfigurationList = BBMACTUNCL001 /* Build configuration list for PBXNativeTarget "WraithVPNMacTunnel" */;
			buildPhases = (
				BBMACTUNSP001 /* Sources */,
				BBMACTUNBP001 /* Frameworks */,
				BBMACTUNRP001 /* Resources */,
			);
			buildRules = (
			);
			dependencies = (
			);
			name = WraithVPNMacTunnel;
			packageProductDependencies = (
				BBMACTUNWG001 /* WireGuardKit */,
			);
			productName = WraithVPNMacTunnel;
			productReference = BBMACTUNFR003 /* WraithVPNMacTunnel.appex */;
			productType = "com.apple.product-type.app-extension";
		};
/* End PBXNativeTarget section */

/* Begin PBXProject section */
		AAPROJ001 /* Project object */ = {
			isa = PBXProject;
			attributes = {
				BuildIndependentTargetsInParallel = 1;
				LastSwiftUpdateCheck = 1540;
				LastUpgradeCheck = 2640;
				TargetAttributes = {
					AATGT001 = {
						CreatedOnToolsVersion = 15.4;
					};
					AATGT002 = {
						CreatedOnToolsVersion = 15.4;
					};
					AATST001 = {
						CreatedOnToolsVersion = 15.4;
						TestTargetID = AATGT001;
					};
					BBMACTGT001 = {
						CreatedOnToolsVersion = 15.4;
					};
				};
			};
			buildConfigurationList = AACL000 /* Build configuration list for PBXProject "WraithVPN" */;
			compatibilityVersion = "Xcode 14.0";
			developmentRegion = en;
			hasScannedForEncodings = 0;
			knownRegions = (
				en,
				Base,
			);
			mainGroup = AAGRP000;
			packageReferences = (
				BC8F55772F80E2F4009FC332 /* XCLocalSwiftPackageReference "wireguard-apple" */,
				KFSTYLE001 /* XCLocalSwiftPackageReference "KatafractStyle" */,
			);
			productRefGroup = AAGRP010 /* Products */;
			projectDirPath = "";
			projectReferences = (
				{
					ProductGroup = BC9FECE12F80E5140020F723 /* Products */;
					ProjectRef = BC9FECE02F80E5140020F723 /* WireGuard.xcodeproj */;
				},
			);
			projectRoot = "";
			targets = (
				AATGT001 /* WraithVPN */,
				AATGT002 /* WireGuardTunnel */,
				BBMACTGT001 /* WraithVPNMac */,
				AATST001 /* WraithVPNTests */,
				BBMACTUN001 /* WraithVPNMacTunnel */,
				860EB75C45ED6FFC5B32B3D3 /* WraithVPNUITests */,
			);
		};
/* End PBXProject section */

/* Begin PBXReferenceProxy section */
		BC9FECEB2F80E5150020F723 /* WireGuard.app */ = {
			isa = PBXReferenceProxy;
			fileType = wrapper.application;
			path = WireGuard.app;
			remoteRef = BC9FECEA2F80E5150020F723 /* PBXContainerItemProxy */;
			sourceTree = BUILT_PRODUCTS_DIR;
		};
		BC9FECED2F80E5150020F723 /* WireGuardNetworkExtension.appex */ = {
			isa = PBXReferenceProxy;
			fileType = "wrapper.app-extension";
			path = WireGuardNetworkExtension.appex;
			remoteRef = BC9FECEC2F80E5150020F723 /* PBXContainerItemProxy */;
			sourceTree = BUILT_PRODUCTS_DIR;
		};
		BC9FECEF2F80E5150020F723 /* WireGuard.app */ = {
			isa = PBXReferenceProxy;
			fileType = wrapper.application;
			path = WireGuard.app;
			remoteRef = BC9FECEE2F80E5150020F723 /* PBXContainerItemProxy */;
			sourceTree = BUILT_PRODUCTS_DIR;
		};
		BC9FECF12F80E5150020F723 /* WireGuardNetworkExtension.appex */ = {
			isa = PBXReferenceProxy;
			fileType = "wrapper.app-extension";
			path = WireGuardNetworkExtension.appex;
			remoteRef = BC9FECF02F80E5150020F723 /* PBXContainerItemProxy */;
			sourceTree = BUILT_PRODUCTS_DIR;
		};
		BC9FECF32F80E5150020F723 /* WireGuardLoginItemHelper.app */ = {
			isa = PBXReferenceProxy;
			fileType = wrapper.application;
			path = WireGuardLoginItemHelper.app;
			remoteRef = BC9FECF22F80E5150020F723 /* PBXContainerItemProxy */;
			sourceTree = BUILT_PRODUCTS_DIR;
		};
/* End PBXReferenceProxy section */

/* Begin PBXResourcesBuildPhase section */
		AARES001 /* Resources */ = {
			isa = PBXResourcesBuildPhase;
			buildActionMask = 2147483647;
			files = (
				AA000015 /* Assets.xcassets in Resources */,
				AAPRIV001 /* PrivacyInfo.xcprivacy in Resources */,
			);
			runOnlyForDeploymentPostprocessing = 0;
		};
		AATUNRES001 /* Resources */ = {
			isa = PBXResourcesBuildPhase;
			buildActionMask = 2147483647;
			files = (
				AATUNPRIV001 /* PrivacyInfo.xcprivacy in Resources */,
			);
			runOnlyForDeploymentPostprocessing = 0;
		};
		BBMACRES001 /* Resources */ = {
			isa = PBXResourcesBuildPhase;
			buildActionMask = 2147483647;
			files = (
				BBMAC060 /* PrivacyInfo.xcprivacy in Resources */,
				BBMAC062 /* Assets.xcassets in Resources */,
			);
			runOnlyForDeploymentPostprocessing = 0;
		};
		BBMACTUNRP001 /* Resources */ = {
			isa = PBXResourcesBuildPhase;
			buildActionMask = 2147483647;
			files = (
			);
			runOnlyForDeploymentPostprocessing = 0;
		};
		FB439FC4537B136F8BC74574 /* Resources */ = {
			isa = PBXResourcesBuildPhase;
			buildActionMask = 2147483647;
			files = (
			);
			runOnlyForDeploymentPostprocessing = 0;
		};
/* End PBXResourcesBuildPhase section */

/* Begin PBXSourcesBuildPhase section */
		7E02171455421306AA52683C /* Sources */ = {
			isa = PBXSourcesBuildPhase;
			buildActionMask = 2147483647;
			files = (
				3B9AAF5B5558D10A59877C91 /* ScreenshotTests.swift in Sources */,
				D23E842CD4882048071FBE21 /* SnapshotHelper.swift in Sources */,
			);
			runOnlyForDeploymentPostprocessing = 0;
		};
		AASP001 /* Sources */ = {
			isa = PBXSourcesBuildPhase;
			buildActionMask = 2147483647;
			files = (
				AA000001 /* WraithVPNApp.swift in Sources */,
				AA000002 /* ContentView.swift in Sources */,
				AA000003 /* ConnectView.swift in Sources */,
				AA000004 /* ServerPickerView.swift in Sources */,
				AA000005 /* OnboardingView.swift in Sources */,
				AA000006 /* SettingsView.swift in Sources */,
				AA000007 /* PaywallView.swift in Sources */,
				AA000041 /* CodeRedemptionView.swift in Sources */,
				AA00001A /* HavenDNSSettingsView.swift in Sources */,
				AA00001B /* AchievementsView.swift in Sources */,
				AA00001C /* DnsStatsView.swift in Sources */,
				AA00001E /* UpgradeSheet.swift in Sources */,
				AA00001F /* MultiHopPickerSheet.swift in Sources */,
				AA00002F /* RegionPickerView.swift in Sources */,
				AA000008 /* Models.swift in Sources */,
				AA000009 /* APIClient.swift in Sources */,
				AA000010 /* WireGuardManager.swift in Sources */,
				AA000011 /* StoreKitManager.swift in Sources */,
				AA000012 /* ServerListManager.swift in Sources */,
				AA000013 /* KeychainHelper.swift in Sources */,
				AA000014 /* DesignSystem.swift in Sources */,
				AA000016 /* HavenDNSManager.swift in Sources */,
				AA000023 /* DebugLogger.swift in Sources */,
				AA000024 /* DNSHealthCheck.swift in Sources */,
				AA000025 /* DebugLogView.swift in Sources */,
				AA000026 /* ConnectVPNIntent.swift in Sources */,
				AA000027 /* DisconnectVPNIntent.swift in Sources */,
				AA000028 /* WraithAppShortcuts.swift in Sources */,
				AA000029 /* TelemetryManager.swift in Sources */,
				AA000036 /* LatencyProbe.swift in Sources */,
			);
			runOnlyForDeploymentPostprocessing = 0;
		};
		AASP002 /* Sources */ = {
			isa = PBXSourcesBuildPhase;
			buildActionMask = 2147483647;
			files = (
				AA000020 /* PacketTunnelProvider.swift in Sources */,
				AA000021 /* TunnelConfiguration+WgQuickConfig.swift in Sources */,
				AA000022 /* String+ArrayConversion.swift in Sources */,
			);
			runOnlyForDeploymentPostprocessing = 0;
		};
		AATST010 /* Sources */ = {
			isa = PBXSourcesBuildPhase;
			buildActionMask = 2147483647;
			files = (
				AATST200 /* ModelTests.swift in Sources */,
				AATST201 /* KeychainHelperTests.swift in Sources */,
				AATST202 /* APIClientTests.swift in Sources */,
				AATST203 /* StoreKitManagerTests.swift in Sources */,
				AATST204 /* ServerListManagerTests.swift in Sources */,
				AATST205 /* HavenDNSManagerTests.swift in Sources */,
			);
			runOnlyForDeploymentPostprocessing = 0;
		};
		BBMACSP001 /* Sources */ = {
			isa = PBXSourcesBuildPhase;
			buildActionMask = 2147483647;
			files = (
				BBMAC050 /* WraithVPNMacApp.swift in Sources */,
				BBMAC054 /* APIClient.swift in Sources */,
				BBMAC055 /* StoreKitManager.swift in Sources */,
				BBMAC056 /* HavenDNSManager.swift in Sources */,
				BBMAC057 /* KeychainHelper.swift in Sources */,
				BBMAC058 /* Models.swift in Sources */,
				BBMAC063 /* WireGuardManager.swift in Sources */,
				BBMAC064 /* ServerListManager.swift in Sources */,
				BBMAC065 /* DesignSystem.swift in Sources */,
				BBMAC066 /* MainMenuView.swift in Sources */,
				BBMAC067 /* MacAccountView.swift in Sources */,
				BBMAC100 /* MacMainView.swift in Sources */,
				BBMACNFW001 /* MacRegionPickerView.swift in Sources */,
				BBMACNFW002 /* MacMultiHopPickerView.swift in Sources */,
				BBMACNFW003 /* MacHavenDNSSettingsView.swift in Sources */,
				BBMACNFW004 /* MacDnsStatsView.swift in Sources */,
				BBMACNFW005 /* MacAchievementsView.swift in Sources */,
				BBMACNFW006 /* MacUpgradeSheet.swift in Sources */,
				BBMAC069 /* DebugLogger.swift in Sources */,
				BBMAC070 /* DNSHealthCheck.swift in Sources */,
				BBMAC071 /* TelemetryManager.swift in Sources */,
				BBMAC099 /* LatencyProbe.swift in Sources */,
			);
			runOnlyForDeploymentPostprocessing = 0;
		};
		BBMACTUNSP001 /* Sources */ = {
			isa = PBXSourcesBuildPhase;
			buildActionMask = 2147483647;
			files = (
				BBMACTUNBF002 /* PacketTunnelProvider.swift in Sources */,
			);
			runOnlyForDeploymentPostprocessing = 0;
		};
/* End PBXSourcesBuildPhase section */

/* Begin PBXTargetDependency section */
		7DEE05BB4C89C3D07F02AE8A /* PBXTargetDependency */ = {
			isa = PBXTargetDependency;
			target = AATGT001 /* WraithVPN */;
		};
		AADEP001 /* PBXTargetDependency */ = {
			isa = PBXTargetDependency;
			platformFilters = (
				iphoneos,
			);
			target = AATGT002 /* WireGuardTunnel */;
			targetProxy = AADEPPROXY001 /* PBXContainerItemProxy */;
		};
		AATST_DEP /* PBXTargetDependency */ = {
			isa = PBXTargetDependency;
			target = AATGT001 /* WraithVPN */;
			targetProxy = AATST_PROXY /* PBXContainerItemProxy */;
		};
		BBMACDEP001 /* PBXTargetDependency */ = {
			isa = PBXTargetDependency;
			target = BBMACTUN001 /* WraithVPNMacTunnel */;
			targetProxy = BBMACPROXY001 /* PBXContainerItemProxy */;
		};
/* End PBXTargetDependency section */

/* Begin XCBuildConfiguration section */
		6C84C91C83D681807FB41A5F /* Release */ = {
			isa = XCBuildConfiguration;
			buildSettings = {
				BUNDLE_LOADER = "$(TEST_HOST)";
				CLANG_ENABLE_OBJC_WEAK = NO;
				CODE_SIGN_STYLE = Automatic;
				DEFINES_MODULE = YES;
				GENERATE_INFOPLIST_FILE = YES;
				IPHONEOS_DEPLOYMENT_TARGET = 16.0;
				PRODUCT_BUNDLE_IDENTIFIER = com.katafract.wraith.tests.ui;
				PRODUCT_NAME = "$(TARGET_NAME)";
				SDKROOT = iphoneos;
				SWIFT_EMIT_LOC_STRINGS = NO;
				SWIFT_VERSION = 5.9;
				TARGET_DEVICE_FAMILY = "1,2";
				TEST_HOST = "$(BUILT_PRODUCTS_DIR)/WraithVPN.app/WraithVPN";
				TEST_TARGET_NAME = WraithVPN;
				VALIDATE_PRODUCT = YES;
			};
			name = Release;
		};
		AAXC000D /* Debug */ = {
			isa = XCBuildConfiguration;
			buildSettings = {
				ALWAYS_SEARCH_USER_PATHS = NO;
				CLANG_ENABLE_MODULES = YES;
				CLANG_ENABLE_OBJC_ARC = YES;
				CLANG_WARN_BLOCK_CAPTURE_AUTORELEASING = YES;
				CLANG_WARN_BOOL_CONVERSION = YES;
				CLANG_WARN_COMMA = YES;
				CLANG_WARN_CONSTANT_CONVERSION = YES;
				CLANG_WARN_DEPRECATED_OBJC_IMPLEMENTATIONS = YES;
				CLANG_WARN_EMPTY_BODY = YES;
				CLANG_WARN_ENUM_CONVERSION = YES;
				CLANG_WARN_INFINITE_RECURSION = YES;
				CLANG_WARN_INT_CONVERSION = YES;
				CLANG_WARN_NON_LITERAL_NULL_CONVERSION = YES;
				CLANG_WARN_OBJC_IMPLICIT_RETAIN_SELF = YES;
				CLANG_WARN_OBJC_LITERAL_CONVERSION = YES;
				CLANG_WARN_QUOTED_INCLUDE_IN_FRAMEWORK_HEADER = YES;
				CLANG_WARN_RANGE_LOOP_ANALYSIS = YES;
				CLANG_WARN_STRICT_PROTOTYPES = YES;
				CLANG_WARN_SUSPICIOUS_MOVE = YES;
				CLANG_WARN_UNREACHABLE_CODE = YES;
				CLANG_WARN__DUPLICATE_METHOD_MATCH = YES;
				COPY_PHASE_STRIP = NO;
				DEBUG_INFORMATION_FORMAT = dwarf;
				ENABLE_STRICT_OBJC_MSGSEND = YES;
				ENABLE_TESTABILITY = YES;
				ENABLE_USER_SCRIPT_SANDBOXING = YES;
				GCC_C_LANGUAGE_STANDARD = gnu17;
				GCC_DYNAMIC_NO_PIC = NO;
				GCC_NO_COMMON_BLOCKS = YES;
				GCC_OPTIMIZATION_LEVEL = 0;
				GCC_PREPROCESSOR_DEFINITIONS = (
					"DEBUG=1",
					"$(inherited)",
				);
				GCC_WARN_64_TO_32_BIT_CONVERSION = YES;
				GCC_WARN_ABOUT_RETURN_TYPE = YES;
				GCC_WARN_UNDECLARED_SELECTOR = YES;
				GCC_WARN_UNINITIALIZED_AUTOS = YES;
				GCC_WARN_UNUSED_FUNCTION = YES;
				GCC_WARN_UNUSED_VARIABLE = YES;
				IPHONEOS_DEPLOYMENT_TARGET = 17.0;
				MTL_ENABLE_DEBUG_INFO = INCLUDE_SOURCE;
				MTL_FAST_MATH = YES;
				ONLY_ACTIVE_ARCH = YES;
				SDKROOT = iphoneos;
				STRING_CATALOG_GENERATE_SYMBOLS = YES;
				SWIFT_ACTIVE_COMPILATION_CONDITIONS = DEBUG;
				SWIFT_OPTIMIZATION_LEVEL = "-Onone";
				SWIFT_VERSION = 5.0;
			};
			name = Debug;
		};
		AAXC000R /* Release */ = {
			isa = XCBuildConfiguration;
			buildSettings = {
				ALWAYS_SEARCH_USER_PATHS = NO;
				CLANG_ENABLE_MODULES = YES;
				CLANG_ENABLE_OBJC_ARC = YES;
				CLANG_WARN_BLOCK_CAPTURE_AUTORELEASING = YES;
				CLANG_WARN_BOOL_CONVERSION = YES;
				CLANG_WARN_COMMA = YES;
				CLANG_WARN_CONSTANT_CONVERSION = YES;
				CLANG_WARN_DEPRECATED_OBJC_IMPLEMENTATIONS = YES;
				CLANG_WARN_EMPTY_BODY = YES;
				CLANG_WARN_ENUM_CONVERSION = YES;
				CLANG_WARN_INFINITE_RECURSION = YES;
				CLANG_WARN_INT_CONVERSION = YES;
				CLANG_WARN_NON_LITERAL_NULL_CONVERSION = YES;
				CLANG_WARN_OBJC_IMPLICIT_RETAIN_SELF = YES;
				CLANG_WARN_OBJC_LITERAL_CONVERSION = YES;
				CLANG_WARN_QUOTED_INCLUDE_IN_FRAMEWORK_HEADER = YES;
				CLANG_WARN_RANGE_LOOP_ANALYSIS = YES;
				CLANG_WARN_STRICT_PROTOTYPES = YES;
				CLANG_WARN_SUSPICIOUS_MOVE = YES;
				CLANG_WARN_UNREACHABLE_CODE = YES;
				CLANG_WARN__DUPLICATE_METHOD_MATCH = YES;
				COPY_PHASE_STRIP = NO;
				DEBUG_INFORMATION_FORMAT = "dwarf-with-dsym";
				ENABLE_NS_ASSERTIONS = NO;
				ENABLE_STRICT_OBJC_MSGSEND = YES;
				ENABLE_USER_SCRIPT_SANDBOXING = YES;
				GCC_C_LANGUAGE_STANDARD = gnu17;
				GCC_NO_COMMON_BLOCKS = YES;
				GCC_OPTIMIZATION_LEVEL = s;
				GCC_WARN_64_TO_32_BIT_CONVERSION = YES;
				GCC_WARN_ABOUT_RETURN_TYPE = YES;
				GCC_WARN_UNDECLARED_SELECTOR = YES;
				GCC_WARN_UNINITIALIZED_AUTOS = YES;
				GCC_WARN_UNUSED_FUNCTION = YES;
				GCC_WARN_UNUSED_VARIABLE = YES;
				IPHONEOS_DEPLOYMENT_TARGET = 17.0;
				MTL_ENABLE_DEBUG_INFO = NO;
				MTL_FAST_MATH = YES;
				SDKROOT = iphoneos;
				STRING_CATALOG_GENERATE_SYMBOLS = YES;
				SWIFT_COMPILATION_MODE = wholemodule;
				SWIFT_OPTIMIZATION_LEVEL = "-O";
				SWIFT_VERSION = 5.0;
				VALIDATE_PRODUCT = YES;
			};
			name = Release;
		};
		AAXC001D /* Debug */ = {
			isa = XCBuildConfiguration;
			buildSettings = {
				ASSETCATALOG_COMPILER_APPICON_NAME = AppIcon;
				ASSETCATALOG_COMPILER_GLOBAL_ACCENT_COLOR_NAME = AccentColor;
				CODE_SIGN_ENTITLEMENTS = WraithVPN/WraithVPN.entitlements;
				CODE_SIGN_STYLE = Automatic;
				CURRENT_PROJECT_VERSION = 418;
				DEVELOPMENT_TEAM = 2SGGP65W6C;
				GENERATE_INFOPLIST_FILE = NO;
				INFOPLIST_FILE = WraithVPN/Info.plist;
				IPHONEOS_DEPLOYMENT_TARGET = 17.0;
				LD_RUNPATH_SEARCH_PATHS = (
					"$(inherited)",
					"@executable_path/Frameworks",
				);
				MARKETING_VERSION = 1.1;
				PRODUCT_BUNDLE_IDENTIFIER = com.katafract.wraith;
				PRODUCT_NAME = "$(TARGET_NAME)";
				SUPPORTS_MACCATALYST = NO;
				SUPPORTS_MAC_DESIGNED_FOR_IPHONE_IPAD = NO;
				SWIFT_EMIT_LOC_STRINGS = YES;
				SWIFT_VERSION = 5.0;
				TARGETED_DEVICE_FAMILY = "1,2";
			};
			name = Debug;
		};
		AAXC001R /* Release */ = {
			isa = XCBuildConfiguration;
			buildSettings = {
				ASSETCATALOG_COMPILER_APPICON_NAME = AppIcon;
				ASSETCATALOG_COMPILER_GLOBAL_ACCENT_COLOR_NAME = AccentColor;
				CODE_SIGN_ENTITLEMENTS = WraithVPN/WraithVPN.entitlements;
				CODE_SIGN_STYLE = Automatic;
				CURRENT_PROJECT_VERSION = 418;
				DEVELOPMENT_TEAM = 2SGGP65W6C;
				GENERATE_INFOPLIST_FILE = NO;
				INFOPLIST_FILE = WraithVPN/Info.plist;
				IPHONEOS_DEPLOYMENT_TARGET = 17.0;
				LD_RUNPATH_SEARCH_PATHS = (
					"$(inherited)",
					"@executable_path/Frameworks",
				);
				MARKETING_VERSION = 1.1;
				PRODUCT_BUNDLE_IDENTIFIER = com.katafract.wraith;
				PRODUCT_NAME = "$(TARGET_NAME)";
				SUPPORTS_MACCATALYST = NO;
				SUPPORTS_MAC_DESIGNED_FOR_IPHONE_IPAD = NO;
				SWIFT_EMIT_LOC_STRINGS = YES;
				SWIFT_VERSION = 5.0;
				TARGETED_DEVICE_FAMILY = "1,2";
			};
			name = Release;
		};
		AAXC002D /* Debug */ = {
			isa = XCBuildConfiguration;
			buildSettings = {
				CODE_SIGN_ENTITLEMENTS = WireGuardTunnel/WireGuardTunnel.entitlements;
				CODE_SIGN_STYLE = Automatic;
				CURRENT_PROJECT_VERSION = 418;
				DEVELOPMENT_TEAM = 2SGGP65W6C;
				INFOPLIST_FILE = WireGuardTunnel/Info.plist;
				IPHONEOS_DEPLOYMENT_TARGET = 17.0;
				LD_RUNPATH_SEARCH_PATHS = (
					"$(inherited)",
					"@executable_path/Frameworks",
					"@executable_path/../../Frameworks",
				);
				MARKETING_VERSION = 1.1;
				PRODUCT_BUNDLE_IDENTIFIER = com.katafract.wraith.tunnel;
				PRODUCT_NAME = WireGuardTunnel;
				SKIP_INSTALL = YES;
				SUPPORTED_PLATFORMS = iphoneos;
				SWIFT_VERSION = 5.0;
				TARGETED_DEVICE_FAMILY = "1,2";
			};
			name = Debug;
		};
		AAXC002R /* Release */ = {
			isa = XCBuildConfiguration;
			buildSettings = {
				CODE_SIGN_ENTITLEMENTS = WireGuardTunnel/WireGuardTunnel.entitlements;
				CODE_SIGN_STYLE = Automatic;
				CURRENT_PROJECT_VERSION = 418;
				DEVELOPMENT_TEAM = 2SGGP65W6C;
				INFOPLIST_FILE = WireGuardTunnel/Info.plist;
				IPHONEOS_DEPLOYMENT_TARGET = 17.0;
				LD_RUNPATH_SEARCH_PATHS = (
					"$(inherited)",
					"@executable_path/Frameworks",
					"@executable_path/../../Frameworks",
				);
				MARKETING_VERSION = 1.1;
				PRODUCT_BUNDLE_IDENTIFIER = com.katafract.wraith.tunnel;
				PRODUCT_NAME = WireGuardTunnel;
				SKIP_INSTALL = YES;
				SUPPORTED_PLATFORMS = iphoneos;
				SWIFT_VERSION = 5.0;
				TARGETED_DEVICE_FAMILY = "1,2";
			};
			name = Release;
		};
		AAXC003D /* Debug */ = {
			isa = XCBuildConfiguration;
			buildSettings = {
				BUNDLE_LOADER = "$(TEST_HOST)";
				CODE_SIGN_STYLE = Automatic;
				DEVELOPMENT_TEAM = 2SGGP65W6C;
				GENERATE_INFOPLIST_FILE = YES;
				IPHONEOS_DEPLOYMENT_TARGET = 17.0;
				PRODUCT_BUNDLE_IDENTIFIER = com.katafract.wraith.tests;
				PRODUCT_NAME = "$(TARGET_NAME)";
				SDKROOT = iphoneos;
				SWIFT_VERSION = 5.0;
				TARGETED_DEVICE_FAMILY = "1,2";
				TEST_HOST = "$(BUILT_PRODUCTS_DIR)/WraithVPN.app/$(BUNDLE_EXECUTABLE_FOLDER_PATH)/WraithVPN";
			};
			name = Debug;
		};
		AAXC003R /* Release */ = {
			isa = XCBuildConfiguration;
			buildSettings = {
				BUNDLE_LOADER = "$(TEST_HOST)";
				CODE_SIGN_STYLE = Automatic;
				DEVELOPMENT_TEAM = 2SGGP65W6C;
				GENERATE_INFOPLIST_FILE = YES;
				IPHONEOS_DEPLOYMENT_TARGET = 17.0;
				PRODUCT_BUNDLE_IDENTIFIER = com.katafract.wraith.tests;
				PRODUCT_NAME = "$(TARGET_NAME)";
				SDKROOT = iphoneos;
				SWIFT_VERSION = 5.0;
				TARGETED_DEVICE_FAMILY = "1,2";
				TEST_HOST = "$(BUILT_PRODUCTS_DIR)/WraithVPN.app/$(BUNDLE_EXECUTABLE_FOLDER_PATH)/WraithVPN";
			};
			name = Release;
		};
		BBMACTUND001 /* Debug */ = {
			isa = XCBuildConfiguration;
			buildSettings = {
				CODE_SIGN_ENTITLEMENTS = WraithVPNMacTunnel/WraithVPNMacTunnel.entitlements;
				CODE_SIGN_STYLE = Automatic;
				CURRENT_PROJECT_VERSION = 418;
				DEAD_CODE_STRIPPING = YES;
				DEVELOPMENT_TEAM = 2SGGP65W6C;
				GCC_OPTIMIZATION_LEVEL = 0;
				INFOPLIST_FILE = WraithVPNMacTunnel/Info.plist;
				MACOSX_DEPLOYMENT_TARGET = 14.0;
				MARKETING_VERSION = 1.1;
				PRODUCT_BUNDLE_IDENTIFIER = com.katafract.wraith.tunnel;
				PRODUCT_MODULE_NAME = "$(TARGET_NAME:c99extidentifier)";
				PRODUCT_NAME = "$(TARGET_NAME)";
				SDKROOT = macosx;
				SKIP_INSTALL = YES;
				SUPPORTED_PLATFORMS = macosx;
				SWIFT_VERSION = 5.0;
			};
			name = Debug;
		};
		BBMACTUNR001 /* Release */ = {
			isa = XCBuildConfiguration;
			buildSettings = {
				CODE_SIGN_ENTITLEMENTS = WraithVPNMacTunnel/WraithVPNMacTunnel.entitlements;
				CODE_SIGN_STYLE = Automatic;
				CURRENT_PROJECT_VERSION = 418;
				DEAD_CODE_STRIPPING = YES;
				DEVELOPMENT_TEAM = 2SGGP65W6C;
				INFOPLIST_FILE = WraithVPNMacTunnel/Info.plist;
				MACOSX_DEPLOYMENT_TARGET = 14.0;
				MARKETING_VERSION = 1.1;
				PRODUCT_BUNDLE_IDENTIFIER = com.katafract.wraith.tunnel;
				PRODUCT_MODULE_NAME = "$(TARGET_NAME:c99extidentifier)";
				PRODUCT_NAME = "$(TARGET_NAME)";
				SDKROOT = macosx;
				SKIP_INSTALL = YES;
				SUPPORTED_PLATFORMS = macosx;
				SWIFT_VERSION = 5.0;
			};
			name = Release;
		};
		BBMACXC001D /* Debug */ = {
			isa = XCBuildConfiguration;
			buildSettings = {
				ASSETCATALOG_COMPILER_APPICON_NAME = AppIcon;
				ASSETCATALOG_COMPILER_GLOBAL_ACCENT_COLOR_NAME = AccentColor;
				CODE_SIGN_ENTITLEMENTS = WraithVPNMac/WraithVPNMac.entitlements;
				CODE_SIGN_STYLE = Automatic;
				CURRENT_PROJECT_VERSION = 418;
				DEVELOPMENT_TEAM = 2SGGP65W6C;
				GENERATE_INFOPLIST_FILE = NO;
				INFOPLIST_FILE = WraithVPNMac/Info.plist;
				LD_RUNPATH_SEARCH_PATHS = (
					"$(inherited)",
					"@executable_path/../Frameworks",
				);
				MACOSX_DEPLOYMENT_TARGET = 13.0;
				MARKETING_VERSION = 1.1;
				PRODUCT_BUNDLE_IDENTIFIER = com.katafract.wraith;
				PRODUCT_NAME = "$(TARGET_NAME)";
				SDKROOT = macosx;
				SWIFT_EMIT_LOC_STRINGS = YES;
				SWIFT_VERSION = 5.0;
			};
			name = Debug;
		};
		BBMACXC001R /* Release */ = {
			isa = XCBuildConfiguration;
			buildSettings = {
				ASSETCATALOG_COMPILER_APPICON_NAME = AppIcon;
				ASSETCATALOG_COMPILER_GLOBAL_ACCENT_COLOR_NAME = AccentColor;
				CODE_SIGN_ENTITLEMENTS = WraithVPNMac/WraithVPNMac.entitlements;
				CODE_SIGN_STYLE = Automatic;
				CURRENT_PROJECT_VERSION = 418;
				DEVELOPMENT_TEAM = 2SGGP65W6C;
				GENERATE_INFOPLIST_FILE = NO;
				INFOPLIST_FILE = WraithVPNMac/Info.plist;
				LD_RUNPATH_SEARCH_PATHS = (
					"$(inherited)",
					"@executable_path/../Frameworks",
				);
				MACOSX_DEPLOYMENT_TARGET = 13.0;
				MARKETING_VERSION = 1.1;
				PRODUCT_BUNDLE_IDENTIFIER = com.katafract.wraith;
				PRODUCT_NAME = "$(TARGET_NAME)";
				SDKROOT = macosx;
				SWIFT_EMIT_LOC_STRINGS = YES;
				SWIFT_VERSION = 5.0;
			};
			name = Release;
		};
		EC9233213D2226F3A91F1633 /* Debug */ = {
			isa = XCBuildConfiguration;
			buildSettings = {
				USES_XCTRUNNER = NO;
				USES_XCTRUNNER = NO;
				BUNDLE_LOADER = "$(TEST_HOST)";
				CLANG_ENABLE_OBJC_WEAK = NO;
				CODE_SIGN_STYLE = Automatic;
				DEFINES_MODULE = YES;
				GENERATE_INFOPLIST_FILE = YES;
				IPHONEOS_DEPLOYMENT_TARGET = 16.0;
				PRODUCT_BUNDLE_IDENTIFIER = com.katafract.wraith.tests.ui;
				PRODUCT_NAME = "$(TARGET_NAME)";
				SDKROOT = iphoneos;
				SWIFT_EMIT_LOC_STRINGS = NO;
				SWIFT_VERSION = 5.9;
				TARGET_DEVICE_FAMILY = "1,2";
				TEST_HOST = "$(BUILT_PRODUCTS_DIR)/WraithVPN.app/WraithVPN";
				TEST_TARGET_NAME = WraithVPN;
			};
			name = Debug;
		};
/* End XCBuildConfiguration section */

/* Begin XCConfigurationList section */
		85BB95AD68DDD01141287377 /* Build configuration list for PBXNativeTarget "WraithVPNUITests" */ = {
			isa = XCConfigurationList;
			buildConfigurations = (
				6C84C91C83D681807FB41A5F /* Release */,
				EC9233213D2226F3A91F1633 /* Debug */,
			);
			defaultConfigurationIsVisible = 0;
			defaultConfigurationName = Release;
		};
		AACL000 /* Build configuration list for PBXProject "WraithVPN" */ = {
			isa = XCConfigurationList;
			buildConfigurations = (
				AAXC000D /* Debug */,
				AAXC000R /* Release */,
			);
			defaultConfigurationIsVisible = 0;
			defaultConfigurationName = Release;
		};
		AACL001 /* Build configuration list for PBXNativeTarget "WraithVPN" */ = {
			isa = XCConfigurationList;
			buildConfigurations = (
				AAXC001D /* Debug */,
				AAXC001R /* Release */,
			);
			defaultConfigurationIsVisible = 0;
			defaultConfigurationName = Release;
		};
		AACL002 /* Build configuration list for PBXNativeTarget "WireGuardTunnel" */ = {
			isa = XCConfigurationList;
			buildConfigurations = (
				AAXC002D /* Debug */,
				AAXC002R /* Release */,
			);
			defaultConfigurationIsVisible = 0;
			defaultConfigurationName = Release;
		};
		AACL003 /* Build configuration list for PBXNativeTarget "WraithVPNTests" */ = {
			isa = XCConfigurationList;
			buildConfigurations = (
				AAXC003D /* Debug */,
				AAXC003R /* Release */,
			);
			defaultConfigurationIsVisible = 0;
			defaultConfigurationName = Release;
		};
		BBMACCL001 /* Build configuration list for PBXNativeTarget "WraithVPNMac" */ = {
			isa = XCConfigurationList;
			buildConfigurations = (
				BBMACXC001D /* Debug */,
				BBMACXC001R /* Release */,
			);
			defaultConfigurationIsVisible = 0;
			defaultConfigurationName = Release;
		};
		BBMACTUNCL001 /* Build configuration list for PBXNativeTarget "WraithVPNMacTunnel" */ = {
			isa = XCConfigurationList;
			buildConfigurations = (
				BBMACTUND001 /* Debug */,
				BBMACTUNR001 /* Release */,
			);
			defaultConfigurationIsVisible = 0;
			defaultConfigurationName = Release;
		};
/* End XCConfigurationList section */

/* Begin XCLocalSwiftPackageReference section */
		BC8F55772F80E2F4009FC332 /* XCLocalSwiftPackageReference "wireguard-apple" */ = {
			isa = XCLocalSwiftPackageReference;
			relativePath = "wireguard-apple";
		};
		KFSTYLE001 /* XCLocalSwiftPackageReference "KatafractStyle" */ = {
			isa = XCLocalSwiftPackageReference;
			relativePath = ../KatafractStyle;
		};
/* End XCLocalSwiftPackageReference section */

/* Begin XCSwiftPackageProductDependency section */
		BBMACTUNWG001 /* WireGuardKit */ = {
			isa = XCSwiftPackageProductDependency;
			package = BC8F55772F80E2F4009FC332 /* XCLocalSwiftPackageReference "wireguard-apple" */;
			productName = WireGuardKit;
		};
		BCWGPROD001 /* WireGuardKit */ = {
			isa = XCSwiftPackageProductDependency;
			package = BC8F55772F80E2F4009FC332 /* XCLocalSwiftPackageReference "wireguard-apple" */;
			productName = WireGuardKit;
		};
		KFSTYLE_IOS_PROD /* KatafractStyle */ = {
			isa = XCSwiftPackageProductDependency;
			package = KFSTYLE001 /* XCLocalSwiftPackageReference "KatafractStyle" */;
			productName = KatafractStyle;
		};
		KFSTYLE_MAC_PROD /* KatafractStyle */ = {
			isa = XCSwiftPackageProductDependency;
			package = KFSTYLE001 /* XCLocalSwiftPackageReference "KatafractStyle" */;
			productName = KatafractStyle;
		};
/* End XCSwiftPackageProductDependency section */
	};
	rootObject = AAPROJ001 /* Project object */;
}
