// !$*UTF8*$!
{
	archiveVersion = 1;
	classes = {
	};
	objectVersion = 60;
	objects = {

/* Begin PBXBuildFile section */
		'AA000001' = {isa = PBXBuildFile; fileRef = AA100001; };
		'AA000002' = {isa = PBXBuildFile; fileRef = AA100002; };
		'AA000003' = {isa = PBXBuildFile; fileRef = AA100003; };
		'AA000004' = {isa = PBXBuildFile; fileRef = AA100004; };
		'AA000005' = {isa = PBXBuildFile; fileRef = AA100005; };
		'AA000006' = {isa = PBXBuildFile; fileRef = AA100006; };
		'AA000007' = {isa = PBXBuildFile; fileRef = AA100007; };
		'AA000008' = {isa = PBXBuildFile; fileRef = AA100008; };
		'AA000009' = {isa = PBXBuildFile; fileRef = AA100009; };
		'AA000010' = {isa = PBXBuildFile; fileRef = AA100010; };
		'AA000011' = {isa = PBXBuildFile; fileRef = AA100011; };
		'AA000012' = {isa = PBXBuildFile; fileRef = AA100012; };
		'AA000013' = {isa = PBXBuildFile; fileRef = AA100013; };
		'AA000014' = {isa = PBXBuildFile; fileRef = AA100014; };
		'AA000015' = {isa = PBXBuildFile; fileRef = AA100015; };
		'AA000016' = {isa = PBXBuildFile; fileRef = AA100018; };
		'AA00001A' = {isa = PBXBuildFile; fileRef = AA10001A; };
		'AA00001B' = {isa = PBXBuildFile; fileRef = AA10001B; };
		'AA00001C' = {isa = PBXBuildFile; fileRef = AA10001C; };
		'AA00001E' = {isa = PBXBuildFile; fileRef = AA10001E; };
		'AA00001F' = {isa = PBXBuildFile; fileRef = AA10001F; };
		'AA000020' = {isa = PBXBuildFile; fileRef = AA100020; };
		'AA000021' = {isa = PBXBuildFile; fileRef = AA100022; };
		'AA000022' = {isa = PBXBuildFile; fileRef = AA100023; };
		'AA000023' = {isa = PBXBuildFile; fileRef = AA100024; };
		'AA000024' = {isa = PBXBuildFile; fileRef = AA100025; };
		'AA000025' = {isa = PBXBuildFile; fileRef = AA100026; };
		'AA000026' = {isa = PBXBuildFile; fileRef = AA100027; };
		'AA000027' = {isa = PBXBuildFile; fileRef = AA100028; };
		'AA000028' = {isa = PBXBuildFile; fileRef = AA100029; };
		'AA000029' = {isa = PBXBuildFile; fileRef = AA100039; };
		'AA00002F' = {isa = PBXBuildFile; fileRef = AA10002F; };
		'AA000030' = {isa = PBXBuildFile; fileRef = AA100030; };
		'AA000031' = {isa = PBXBuildFile; fileRef = AA100031; };
		'AA000032' = {isa = PBXBuildFile; fileRef = AA100032; };
		'AA000033' = {isa = PBXBuildFile; fileRef = AA100033; };
		'AA000034' = {isa = PBXBuildFile; fileRef = AA100030; };
		'AA000035' = {isa = PBXBuildFile; productRef = BCWGPROD001; };
		'KFSTYLE_IOS_BF' = {isa = PBXBuildFile; productRef = KFSTYLE_IOS_PROD; };
		'KFSTYLE_MAC_BF' = {isa = PBXBuildFile; productRef = KFSTYLE_MAC_PROD; };
		'AA000036' = {isa = PBXBuildFile; fileRef = AA100040; };
		'AACOPYREF001' = {isa = PBXBuildFile; fileRef = AAPROD002; platformFilters = (iphoneos, ); settings = {ATTRIBUTES = (RemoveHeadersOnCopy, ); }; };
		'AAPRIV001' = {isa = PBXBuildFile; fileRef = AAPRIV100; };
		'AATST200' = {isa = PBXBuildFile; fileRef = AATST100; };
		'AATST201' = {isa = PBXBuildFile; fileRef = AATST101; };
		'AATST202' = {isa = PBXBuildFile; fileRef = AATST102; };
		'AATST203' = {isa = PBXBuildFile; fileRef = AATST103; };
		'AATST204' = {isa = PBXBuildFile; fileRef = AATST104; };
		'AATST205' = {isa = PBXBuildFile; fileRef = AATST105; };
		'AATUNPRIV001' = {isa = PBXBuildFile; fileRef = AATUNPRIV100; };
		'BBMAC050' = {isa = PBXBuildFile; fileRef = BBMAC010; };
		'BBMAC054' = {isa = PBXBuildFile; fileRef = AA100009; };
		'BBMAC055' = {isa = PBXBuildFile; fileRef = AA100011; };
		'BBMAC056' = {isa = PBXBuildFile; fileRef = AA100018; };
		'BBMAC057' = {isa = PBXBuildFile; fileRef = AA100013; };
		'BBMAC058' = {isa = PBXBuildFile; fileRef = AA100008; };
		'BBMAC060' = {isa = PBXBuildFile; fileRef = BBMAC015; };
		'BBMAC062' = {isa = PBXBuildFile; fileRef = AA100015; };
		'BBMAC063' = {isa = PBXBuildFile; fileRef = AA100010; };
		'BBMAC064' = {isa = PBXBuildFile; fileRef = AA100012; };
		'BBMAC065' = {isa = PBXBuildFile; fileRef = AA100014; };
		'BBMAC066' = {isa = PBXBuildFile; fileRef = BBMAC020; };
		'BBMAC067' = {isa = PBXBuildFile; fileRef = BBMAC021; };
		'BBMAC068' = {isa = PBXBuildFile; fileRef = AA100030; };
		'BBMAC069' = {isa = PBXBuildFile; fileRef = AA100024; };
		'BBMAC070' = {isa = PBXBuildFile; fileRef = AA100025; };
		'BBMAC071' = {isa = PBXBuildFile; fileRef = AA100039; };
		'BBMAC099' = {isa = PBXBuildFile; fileRef = AA100040; };
		'BBMAC100' = {isa = PBXBuildFile; fileRef = BBMAC025; };
		'BBMACNFW001' = {isa = PBXBuildFile; fileRef = BBMACNEW001; };
		'BBMACNFW002' = {isa = PBXBuildFile; fileRef = BBMACNEW002; };
		'BBMACNFW003' = {isa = PBXBuildFile; fileRef = BBMACNEW003; };
		'BBMACNFW004' = {isa = PBXBuildFile; fileRef = BBMACNEW004; };
		'BBMACNFW005' = {isa = PBXBuildFile; fileRef = BBMACNEW005; };
		'BBMACNFW006' = {isa = PBXBuildFile; fileRef = BBMACNEW006; };
		'BBMACTUNBF002' = {isa = PBXBuildFile; fileRef = AA100020; };
		'BBMACTUNBF004' = {isa = PBXBuildFile; fileRef = BBMACTUNFR003; settings = {ATTRIBUTES = (RemoveHeadersOnCopy, ); }; };
		'BBMACTUNBF005' = {isa = PBXBuildFile; productRef = BBMACTUNWG001; };
/* End PBXBuildFile section */

/* Begin PBXContainerItemProxy section */
		'AADEPPROXY001' = {
			isa = PBXContainerItemProxy;
			containerPortal = AAPROJ001;
			proxyType = 1;
			remoteGlobalIDString = AATGT002;
			remoteInfo = WireGuardTunnel;
		};
		'AATST_PROXY' = {
			isa = PBXContainerItemProxy;
			containerPortal = AAPROJ001;
			proxyType = 1;
			remoteGlobalIDString = AATGT001;
			remoteInfo = WraithVPN;
		};
		'BBMACPROXY001' = {
			isa = PBXContainerItemProxy;
			containerPortal = AAPROJ001;
			proxyType = 1;
			remoteGlobalIDString = BBMACTUN001;
			remoteInfo = WraithVPNMacTunnel;
		};
		BC9FECEA2F80E5150020F723 /* PBXContainerItemProxy */ = {
			isa = PBXContainerItemProxy;
			containerPortal = BC9FECE02F80E5140020F723 /* WireGuard.xcodeproj */;
			proxyType = 2;
			remoteGlobalIDString = 6FF4AC14211EC46F002C96EB;
			remoteInfo = WireGuardiOS;
		};
		BC9FECEC2F80E5150020F723 /* PBXContainerItemProxy */ = {
			isa = PBXContainerItemProxy;
			containerPortal = BC9FECE02F80E5140020F723 /* WireGuard.xcodeproj */;
			proxyType = 2;
			remoteGlobalIDString = 6F5D0C1A218352EF000F85AD;
			remoteInfo = WireGuardNetworkExtensioniOS;
		};
		BC9FECEE2F80E5150020F723 /* PBXContainerItemProxy */ = {
			isa = PBXContainerItemProxy;
			containerPortal = BC9FECE02F80E5140020F723 /* WireGuard.xcodeproj */;
			proxyType = 2;
			remoteGlobalIDString = 6FB1BD5D21D2607A00A991BF;
			remoteInfo = WireGuardmacOS;
		};
		BC9FECF02F80E5150020F723 /* PBXContainerItemProxy */ = {
			isa = PBXContainerItemProxy;
			containerPortal = BC9FECE02F80E5140020F723 /* WireGuard.xcodeproj */;
			proxyType = 2;
			remoteGlobalIDString = 6FB1BD9121D4BFE600A991BF;
			remoteInfo = WireGuardNetworkExtensionmacOS;
		};
		BC9FECF22F80E5150020F723 /* PBXContainerItemProxy */ = {
			isa = PBXContainerItemProxy;
			containerPortal = BC9FECE02F80E5140020F723 /* WireGuard.xcodeproj */;
			proxyType = 2;
			remoteGlobalIDString = 6F70E22922106A2D008BDFB4;
			remoteInfo = WireGuardmacOSLoginItemHelper;
		};
/* End PBXContainerItemProxy section */

/* Begin PBXCopyFilesBuildPhase section */
		'AACOPY001' = {
			isa = PBXCopyFilesBuildPhase;
			buildActionMask = 2147483647;
			dstPath = "";
			dstSubfolderSpec = 13;
			files = (
				AACOPYREF001,
			);
			name = "Embed Foundation Extensions";
			runOnlyForDeploymentPostprocessing = 0;
		};
		'BBMACEMBED001' = {
			isa = PBXCopyFilesBuildPhase;
			buildActionMask = 2147483647;
			dstPath = "";
			dstSubfolderSpec = 13;
			files = (
				BBMACTUNBF004,
			);
			name = "Embed App Extensions";
			runOnlyForDeploymentPostprocessing = 0;
		};
/* End PBXCopyFilesBuildPhase section */

/* Begin PBXFileReference section */
		'AA100001' = {isa = PBXFileReference; lastKnownFileType = sourcecode.swift; path = WraithVPNApp.swift; sourceTree = "<group>"; };
		'AA100002' = {isa = PBXFileReference; lastKnownFileType = sourcecode.swift; path = ContentView.swift; sourceTree = "<group>"; };
		'AA100003' = {isa = PBXFileReference; lastKnownFileType = sourcecode.swift; path = ConnectView.swift; sourceTree = "<group>"; };
		'AA100004' = {isa = PBXFileReference; lastKnownFileType = sourcecode.swift; path = ServerPickerView.swift; sourceTree = "<group>"; };
		'AA100005' = {isa = PBXFileReference; lastKnownFileType = sourcecode.swift; path = OnboardingView.swift; sourceTree = "<group>"; };
		'AA100006' = {isa = PBXFileReference; lastKnownFileType = sourcecode.swift; path = SettingsView.swift; sourceTree = "<group>"; };
		'AA100007' = {isa = PBXFileReference; lastKnownFileType = sourcecode.swift; path = PaywallView.swift; sourceTree = "<group>"; };
		'AA100008' = {isa = PBXFileReference; lastKnownFileType = sourcecode.swift; path = Models.swift; sourceTree = "<group>"; };
		'AA100009' = {isa = PBXFileReference; lastKnownFileType = sourcecode.swift; path = APIClient.swift; sourceTree = "<group>"; };
		'AA100010' = {isa = PBXFileReference; lastKnownFileType = sourcecode.swift; path = WireGuardManager.swift; sourceTree = "<group>"; };
		'AA100011' = {isa = PBXFileReference; lastKnownFileType = sourcecode.swift; path = StoreKitManager.swift; sourceTree = "<group>"; };
		'AA100012' = {isa = PBXFileReference; lastKnownFileType = sourcecode.swift; path = ServerListManager.swift; sourceTree = "<group>"; };
		'AA100013' = {isa = PBXFileReference; lastKnownFileType = sourcecode.swift; path = KeychainHelper.swift; sourceTree = "<group>"; };
		'AA100014' = {isa = PBXFileReference; lastKnownFileType = sourcecode.swift; path = DesignSystem.swift; sourceTree = "<group>"; };
		'AA100015' = {isa = PBXFileReference; lastKnownFileType = folder.assetcatalog; path = Assets.xcassets; sourceTree = "<group>"; };
		'AA100016' = {isa = PBXFileReference; lastKnownFileType = text.plist.xml; path = Info.plist; sourceTree = "<group>"; };
		'AA100017' = {isa = PBXFileReference; lastKnownFileType = text.plist.entitlements; path = WraithVPN.entitlements; sourceTree = "<group>"; };
		'AA100018' = {isa = PBXFileReference; lastKnownFileType = sourcecode.swift; path = HavenDNSManager.swift; sourceTree = "<group>"; };
		'AA10001A' = {isa = PBXFileReference; lastKnownFileType = sourcecode.swift; path = HavenDNSSettingsView.swift; sourceTree = "<group>"; };
		'AA10001B' = {isa = PBXFileReference; lastKnownFileType = sourcecode.swift; path = AchievementsView.swift; sourceTree = "<group>"; };
		'AA10001C' = {isa = PBXFileReference; lastKnownFileType = sourcecode.swift; path = DnsStatsView.swift; sourceTree = "<group>"; };
		'AA10001E' = {isa = PBXFileReference; lastKnownFileType = sourcecode.swift; path = UpgradeSheet.swift; sourceTree = "<group>"; };
		'AA10001F' = {isa = PBXFileReference; lastKnownFileType = sourcecode.swift; path = MultiHopPickerSheet.swift; sourceTree = "<group>"; };
		'AA100020' = {isa = PBXFileReference; lastKnownFileType = sourcecode.swift; path = PacketTunnelProvider.swift; sourceTree = "<group>"; };
		'AA100021' = {isa = PBXFileReference; lastKnownFileType = text.plist.entitlements; path = WireGuardTunnel.entitlements; sourceTree = "<group>"; };
		'AA100022' = {isa = PBXFileReference; lastKnownFileType = sourcecode.swift; path = "TunnelConfiguration+WgQuickConfig.swift"; sourceTree = "<group>"; };
		'AA100023' = {isa = PBXFileReference; lastKnownFileType = sourcecode.swift; path = "String+ArrayConversion.swift"; sourceTree = "<group>"; };
		'AA100024' = {isa = PBXFileReference; lastKnownFileType = sourcecode.swift; path = DebugLogger.swift; sourceTree = "<group>"; };
		'AA100025' = {isa = PBXFileReference; lastKnownFileType = sourcecode.swift; path = DNSHealthCheck.swift; sourceTree = "<group>"; };
		'AA100026' = {isa = PBXFileReference; lastKnownFileType = sourcecode.swift; path = DebugLogView.swift; sourceTree = "<group>"; };
		'AA100027' = {isa = PBXFileReference; lastKnownFileType = sourcecode.swift; path = ConnectVPNIntent.swift; sourceTree = "<group>"; };
		'AA100028' = {isa = PBXFileReference; lastKnownFileType = sourcecode.swift; path = DisconnectVPNIntent.swift; sourceTree = "<group>"; };
		'AA100029' = {isa = PBXFileReference; lastKnownFileType = sourcecode.swift; path = WraithAppShortcuts.swift; sourceTree = "<group>"; };
		'AA10002F' = {isa = PBXFileReference; lastKnownFileType = sourcecode.swift; path = RegionPickerView.swift; sourceTree = "<group>"; };
		'AA100030' = {isa = PBXFileReference; lastKnownFileType = wrapper.framework; name = NetworkExtension.framework; path = System/Library/Frameworks/NetworkExtension.framework; sourceTree = SDKROOT; };
		'AA100031' = {isa = PBXFileReference; lastKnownFileType = wrapper.framework; name = StoreKit.framework; path = System/Library/Frameworks/StoreKit.framework; sourceTree = SDKROOT; };
		'AA100032' = {isa = PBXFileReference; lastKnownFileType = wrapper.framework; name = CryptoKit.framework; path = System/Library/Frameworks/CryptoKit.framework; sourceTree = SDKROOT; };
		'AA100033' = {isa = PBXFileReference; lastKnownFileType = wrapper.framework; name = Network.framework; path = System/Library/Frameworks/Network.framework; sourceTree = SDKROOT; };
		'AA100039' = {isa = PBXFileReference; lastKnownFileType = sourcecode.swift; path = TelemetryManager.swift; sourceTree = "<group>"; };
		'AA100040' = {isa = PBXFileReference; lastKnownFileType = sourcecode.swift; path = LatencyProbe.swift; sourceTree = "<group>"; };
		'AAPRIV100' = {isa = PBXFileReference; lastKnownFileType = text.plist.xml; path = PrivacyInfo.xcprivacy; sourceTree = "<group>"; };
		'AAPROD001' = {isa = PBXFileReference; explicitFileType = wrapper.application; includeInIndex = 0; path = WraithVPN.app; sourceTree = BUILT_PRODUCTS_DIR; };
		'AAPROD002' = {isa = PBXFileReference; explicitFileType = "wrapper.app-extension"; includeInIndex = 0; path = WireGuardTunnel.appex; sourceTree = BUILT_PRODUCTS_DIR; };
		'AATST100' = {isa = PBXFileReference; lastKnownFileType = sourcecode.swift; path = ModelTests.swift; sourceTree = "<group>"; };
		'AATST101' = {isa = PBXFileReference; lastKnownFileType = sourcecode.swift; path = KeychainHelperTests.swift; sourceTree = "<group>"; };
		'AATST102' = {isa = PBXFileReference; lastKnownFileType = sourcecode.swift; path = APIClientTests.swift; sourceTree = "<group>"; };
		'AATST103' = {isa = PBXFileReference; lastKnownFileType = sourcecode.swift; path = StoreKitManagerTests.swift; sourceTree = "<group>"; };
		'AATST104' = {isa = PBXFileReference; lastKnownFileType = sourcecode.swift; path = ServerListManagerTests.swift; sourceTree = "<group>"; };
		'AATST105' = {isa = PBXFileReference; lastKnownFileType = sourcecode.swift; path = HavenDNSManagerTests.swift; sourceTree = "<group>"; };
		'AATST_PROD' = {isa = PBXFileReference; explicitFileType = wrapper.cfbundle; includeInIndex = 0; path = WraithVPNTests.xctest; sourceTree = BUILT_PRODUCTS_DIR; };
		'AATUNPRIV100' = {isa = PBXFileReference; lastKnownFileType = text.plist.xml; path = PrivacyInfo.xcprivacy; sourceTree = "<group>"; };
		'BBMAC010' = {isa = PBXFileReference; lastKnownFileType = sourcecode.swift; path = WraithVPNMacApp.swift; sourceTree = "<group>"; };
		'BBMAC014' = {isa = PBXFileReference; lastKnownFileType = text.plist.xml; path = Info.plist; sourceTree = "<group>"; };
		'BBMAC015' = {isa = PBXFileReference; lastKnownFileType = text.plist.xml; path = PrivacyInfo.xcprivacy; sourceTree = "<group>"; };
		'BBMAC016' = {isa = PBXFileReference; lastKnownFileType = text.plist.entitlements; path = WraithVPNMac.entitlements; sourceTree = "<group>"; };
		'BBMAC020' = {isa = PBXFileReference; lastKnownFileType = sourcecode.swift; path = MainMenuView.swift; sourceTree = "<group>"; };
		'BBMAC021' = {isa = PBXFileReference; lastKnownFileType = sourcecode.swift; path = MacAccountView.swift; sourceTree = "<group>"; };
		'BBMAC025' = {isa = PBXFileReference; lastKnownFileType = sourcecode.swift; path = MacMainView.swift; sourceTree = "<group>"; };
		'BBMACNEW001' = {isa = PBXFileReference; lastKnownFileType = sourcecode.swift; path = MacRegionPickerView.swift; sourceTree = "<group>"; };
		'BBMACNEW002' = {isa = PBXFileReference; lastKnownFileType = sourcecode.swift; path = MacMultiHopPickerView.swift; sourceTree = "<group>"; };
		'BBMACNEW003' = {isa = PBXFileReference; lastKnownFileType = sourcecode.swift; path = MacHavenDNSSettingsView.swift; sourceTree = "<group>"; };
		'BBMACNEW004' = {isa = PBXFileReference; lastKnownFileType = sourcecode.swift; path = MacDnsStatsView.swift; sourceTree = "<group>"; };
		'BBMACNEW005' = {isa = PBXFileReference; lastKnownFileType = sourcecode.swift; path = MacAchievementsView.swift; sourceTree = "<group>"; };
		'BBMACNEW006' = {isa = PBXFileReference; lastKnownFileType = sourcecode.swift; path = MacUpgradeSheet.swift; sourceTree = "<group>"; };
		'BBMACPROD001' = {isa = PBXFileReference; explicitFileType = wrapper.application; includeInIndex = 0; path = WraithVPNMac.app; sourceTree = BUILT_PRODUCTS_DIR; };
		'BBMACTUNFR001' = {isa = PBXFileReference; lastKnownFileType = text.plist.xml; path = Info.plist; sourceTree = "<group>"; };
		'BBMACTUNFR002' = {isa = PBXFileReference; lastKnownFileType = text.plist.entitlements; path = WraithVPNMacTunnel.entitlements; sourceTree = "<group>"; };
		'BBMACTUNFR003' = {isa = PBXFileReference; explicitFileType = "wrapper.app-extension"; includeInIndex = 0; path = WraithVPNMacTunnel.appex; sourceTree = BUILT_PRODUCTS_DIR; };
		BC9FECE02F80E5140020F723 /* WireGuard.xcodeproj */ = {isa = PBXFileReference; lastKnownFileType = "wrapper.pb-project"; path = WireGuard.xcodeproj; sourceTree = "<group>"; };
		BCC37CBF2F84CC2E00ABBF3E /* TestPlan.xctestplan */ = {isa = PBXFileReference; lastKnownFileType = text; path = TestPlan.xctestplan; sourceTree = "<group>"; };
/* End PBXFileReference section */

/* Begin PBXFrameworksBuildPhase section */
		'AABP001' = {
			isa = PBXFrameworksBuildPhase;
			buildActionMask = 2147483647;
			files = (
				AA000030,
				AA000031,
				AA000032,
				AA000033,
				KFSTYLE_IOS_BF,
			);
			runOnlyForDeploymentPostprocessing = 0;
		};
		'AABP002' = {
			isa = PBXFrameworksBuildPhase;
			buildActionMask = 2147483647;
			files = (
				AA000034,
				AA000035,
			);
			runOnlyForDeploymentPostprocessing = 0;
		};
		'BBMACBP001' = {
			isa = PBXFrameworksBuildPhase;
			buildActionMask = 2147483647;
			files = (
				BBMAC068,
				KFSTYLE_MAC_BF,
			);
			runOnlyForDeploymentPostprocessing = 0;
		};
		'BBMACTUNBP001' = {
			isa = PBXFrameworksBuildPhase;
			buildActionMask = 2147483647;
			files = (
				BBMACTUNBF005,
			);
			runOnlyForDeploymentPostprocessing = 0;
		};
/* End PBXFrameworksBuildPhase section */

/* Begin PBXGroup section */
		'AAGRP000' = {
			isa = PBXGroup;
			children = (
				BCC37CBF2F84CC2E00ABBF3E /* TestPlan.xctestplan */,
				AAGRP001,
				AAGRP005,
				BBMACGRP001,
				BBMACTUNGRP01,
				AAGRP006,
				AAGRP009,
				AAGRP010,
				BC9FECE02F80E5140020F723 /* WireGuard.xcodeproj */,
			);
			sourceTree = "<group>";
		};
		'AAGRP001' = {
			isa = PBXGroup;
			children = (
				AA100001,
				AAGRP002,
				AAGRP003,
				AAGRP004,
				AAGRP004B,
				AAGRP005B,
				AA100015,
				AA100016,
				AA100017,
				AAPRIV100,
			);
			path = WraithVPN;
			sourceTree = "<group>";
		};
		'AAGRP002' = {
			isa = PBXGroup;
			children = (
				AA100002,
				AA100003,
				AA100004,
				AA100005,
				AA100006,
				AA100007,
				AA10001A,
				AA10001B,
				AA10001C,
				AA10001E,
				AA10001F,
				AA10002F,
				AA100026,
			);
			path = Views;
			sourceTree = "<group>";
		};
		'AAGRP003' = {
			isa = PBXGroup;
			children = (
				AA100009,
				AA100010,
				AA100011,
				AA100012,
				AA100018,
				AA100024,
				AA100025,
				AA100039,
				AA100040,
			);
			path = Managers;
			sourceTree = "<group>";
		};
		'AAGRP004' = {
			isa = PBXGroup;
			children = (
				AA100013,
				AA100014,
			);
			path = Helpers;
			sourceTree = "<group>";
		};
		'AAGRP004B' = {
			isa = PBXGroup;
			children = (
				AA100008,
			);
			path = Models;
			sourceTree = "<group>";
		};
		'AAGRP005' = {
			isa = PBXGroup;
			children = (
				AA100020,
				AA100022,
				AA100023,
				AA100021,
				AATUNPRIV100,
			);
			path = WireGuardTunnel;
			sourceTree = "<group>";
		};
		'AAGRP005B' = {
			isa = PBXGroup;
			children = (
				AA100027,
				AA100028,
				AA100029,
			);
			path = Intents;
			sourceTree = "<group>";
		};
		'AAGRP006' = {
			isa = PBXGroup;
			children = (
				AATST100,
				AATST101,
				AATST102,
				AATST103,
				AATST104,
				AATST105,
			);
			path = WraithVPNTests;
			sourceTree = "<group>";
		};
		'AAGRP009' = {
			isa = PBXGroup;
			children = (
				AA100030,
				AA100031,
				AA100032,
				AA100033,
			);
			name = Frameworks;
			sourceTree = "<group>";
		};
		'AAGRP010' = {
			isa = PBXGroup;
			children = (
				AAPROD001,
				AAPROD002,
				BBMACPROD001,
				AATST_PROD,
			);
			name = Products;
			sourceTree = "<group>";
		};
		'BBMACGRP001' = {
			isa = PBXGroup;
			children = (
				BBMAC010,
				BBMAC020,
				BBMAC021,
				BBMAC025,
				BBMACNEW001,
				BBMACNEW002,
				BBMACNEW003,
				BBMACNEW004,
				BBMACNEW005,
				BBMACNEW006,
				BBMAC014,
				BBMAC015,
				BBMAC016,
			);
			path = WraithVPNMac;
			sourceTree = "<group>";
		};
		'BBMACTUNGRP01' = {
			isa = PBXGroup;
			children = (
				BBMACTUNFR002,
				BBMACTUNFR001,
			);
			path = WraithVPNMacTunnel;
			sourceTree = "<group>";
		};
		BC9FECE12F80E5140020F723 /* Products */ = {
			isa = PBXGroup;
			children = (
				BC9FECEB2F80E5150020F723 /* WireGuard.app */,
				BC9FECED2F80E5150020F723 /* WireGuardNetworkExtension.appex */,
				BC9FECEF2F80E5150020F723 /* WireGuard.app */,
				BC9FECF12F80E5150020F723 /* WireGuardNetworkExtension.appex */,
				BC9FECF32F80E5150020F723 /* WireGuardLoginItemHelper.app */,
				BBMACTUNFR003,
			);
			name = Products;
			sourceTree = "<group>";
		};
/* End PBXGroup section */

/* Begin PBXNativeTarget section */
		'AATGT001' = {
			isa = PBXNativeTarget;
			buildConfigurationList = AACL001;
			buildPhases = (
				AABP001,
				AASP001,
				AARES001,
				AACOPY001,
			);
			buildRules = (
			);
			dependencies = (
				AADEP001,
			);
			name = WraithVPN;
			packageProductDependencies = (
				KFSTYLE_IOS_PROD,
			);
			productName = WraithVPN;
			productReference = AAPROD001;
			productType = "com.apple.product-type.application";
		};
		'AATGT002' = {
			isa = PBXNativeTarget;
			buildConfigurationList = AACL002;
			buildPhases = (
				AABP002,
				AASP002,
				AATUNRES001,
			);
			buildRules = (
			);
			dependencies = (
			);
			name = WireGuardTunnel;
			packageProductDependencies = (
				BCWGPROD001,
			);
			productName = WireGuardTunnel;
			productReference = AAPROD002;
			productType = "com.apple.product-type.app-extension";
		};
		'AATST001' = {
			isa = PBXNativeTarget;
			buildConfigurationList = AACL003;
			buildPhases = (
				AATST010,
			);
			buildRules = (
			);
			dependencies = (
				AATST_DEP,
			);
			name = WraithVPNTests;
			productName = WraithVPNTests;
			productReference = AATST_PROD;
			productType = "com.apple.product-type.bundle.unit-test";
		};
		'BBMACTGT001' = {
			isa = PBXNativeTarget;
			buildConfigurationList = BBMACCL001;
			buildPhases = (
				BBMACBP001,
				BBMACSP001,
				BBMACRES001,
				BBMACEMBED001,
			);
			buildRules = (
			);
			dependencies = (
				BBMACDEP001,
			);
			name = WraithVPNMac;
			packageProductDependencies = (
				KFSTYLE_MAC_PROD,
			);
			productName = WraithVPNMac;
			productReference = BBMACPROD001;
			productType = "com.apple.product-type.application";
		};
		'BBMACTUN001' = {
			isa = PBXNativeTarget;
			buildConfigurationList = BBMACTUNCL001;
			buildPhases = (
				BBMACTUNSP001,
				BBMACTUNBP001,
				BBMACTUNRP001,
			);
			buildRules = (
			);
			dependencies = (
			);
			name = WraithVPNMacTunnel;
			packageProductDependencies = (
				BBMACTUNWG001,
			);
			productName = WraithVPNMacTunnel;
			productReference = BBMACTUNFR003;
			productType = "com.apple.product-type.app-extension";
		};
/* End PBXNativeTarget section */

/* Begin PBXProject section */
		'AAPROJ001' = {
			isa = PBXProject;
			attributes = {
				BuildIndependentTargetsInParallel = 1;
				LastSwiftUpdateCheck = 1540;
				LastUpgradeCheck = 2640;
				TargetAttributes = {
					AATGT001 = {
						CreatedOnToolsVersion = 15.4;
					};
					AATGT002 = {
						CreatedOnToolsVersion = 15.4;
					};
					AATST001 = {
						CreatedOnToolsVersion = 15.4;
						TestTargetID = AATGT001;
					};
					BBMACTGT001 = {
						CreatedOnToolsVersion = 15.4;
					};
				};
			};
			buildConfigurationList = AACL000;
			compatibilityVersion = "Xcode 14.0";
			developmentRegion = en;
			hasScannedForEncodings = 0;
			knownRegions = (
				en,
				Base,
			);
			mainGroup = AAGRP000;
			packageReferences = (
				BC8F55772F80E2F4009FC332 /* XCLocalSwiftPackageReference "wireguard-apple" */,
				KFSTYLE001 /* XCLocalSwiftPackageReference "KatafractStyle" */,
			);
			productRefGroup = AAGRP010;
			projectDirPath = "";
			projectReferences = (
				{
					ProductGroup = BC9FECE12F80E5140020F723 /* Products */;
					ProjectRef = BC9FECE02F80E5140020F723 /* WireGuard.xcodeproj */;
				},
			);
			projectRoot = "";
			targets = (
				AATGT001,
				AATGT002,
				BBMACTGT001,
				AATST001,
				BBMACTUN001,
			);
		};
/* End PBXProject section */

/* Begin PBXReferenceProxy section */
		BC9FECEB2F80E5150020F723 /* WireGuard.app */ = {
			isa = PBXReferenceProxy;
			fileType = wrapper.application;
			path = WireGuard.app;
			remoteRef = BC9FECEA2F80E5150020F723 /* PBXContainerItemProxy */;
			sourceTree = BUILT_PRODUCTS_DIR;
		};
		BC9FECED2F80E5150020F723 /* WireGuardNetworkExtension.appex */ = {
			isa = PBXReferenceProxy;
			fileType = "wrapper.app-extension";
			path = WireGuardNetworkExtension.appex;
			remoteRef = BC9FECEC2F80E5150020F723 /* PBXContainerItemProxy */;
			sourceTree = BUILT_PRODUCTS_DIR;
		};
		BC9FECEF2F80E5150020F723 /* WireGuard.app */ = {
			isa = PBXReferenceProxy;
			fileType = wrapper.application;
			path = WireGuard.app;
			remoteRef = BC9FECEE2F80E5150020F723 /* PBXContainerItemProxy */;
			sourceTree = BUILT_PRODUCTS_DIR;
		};
		BC9FECF12F80E5150020F723 /* WireGuardNetworkExtension.appex */ = {
			isa = PBXReferenceProxy;
			fileType = "wrapper.app-extension";
			path = WireGuardNetworkExtension.appex;
			remoteRef = BC9FECF02F80E5150020F723 /* PBXContainerItemProxy */;
			sourceTree = BUILT_PRODUCTS_DIR;
		};
		BC9FECF32F80E5150020F723 /* WireGuardLoginItemHelper.app */ = {
			isa = PBXReferenceProxy;
			fileType = wrapper.application;
			path = WireGuardLoginItemHelper.app;
			remoteRef = BC9FECF22F80E5150020F723 /* PBXContainerItemProxy */;
			sourceTree = BUILT_PRODUCTS_DIR;
		};
/* End PBXReferenceProxy section */

/* Begin PBXResourcesBuildPhase section */
		'AARES001' = {
			isa = PBXResourcesBuildPhase;
			buildActionMask = 2147483647;
			files = (
				AA000015,
				AAPRIV001,
			);
			runOnlyForDeploymentPostprocessing = 0;
		};
		'AATUNRES001' = {
			isa = PBXResourcesBuildPhase;
			buildActionMask = 2147483647;
			files = (
				AATUNPRIV001,
			);
			runOnlyForDeploymentPostprocessing = 0;
		};
		'BBMACRES001' = {
			isa = PBXResourcesBuildPhase;
			buildActionMask = 2147483647;
			files = (
				BBMAC060,
				BBMAC062,
			);
			runOnlyForDeploymentPostprocessing = 0;
		};
		'BBMACTUNRP001' = {
			isa = PBXResourcesBuildPhase;
			buildActionMask = 2147483647;
			files = (
			);
			runOnlyForDeploymentPostprocessing = 0;
		};
/* End PBXResourcesBuildPhase section */

/* Begin PBXSourcesBuildPhase section */
		'AASP001' = {
			isa = PBXSourcesBuildPhase;
			buildActionMask = 2147483647;
			files = (
				AA000001,
				AA000002,
				AA000003,
				AA000004,
				AA000005,
				AA000006,
				AA000007,
				AA00001A,
				AA00001B,
				AA00001C,
				AA00001E,
				AA00001F,
				AA00002F,
				AA000008,
				AA000009,
				AA000010,
				AA000011,
				AA000012,
				AA000013,
				AA000014,
				AA000016,
				AA000023,
				AA000024,
				AA000025,
				AA000026,
				AA000027,
				AA000028,
				AA000029,
				AA000036,
			);
			runOnlyForDeploymentPostprocessing = 0;
		};
		'AASP002' = {
			isa = PBXSourcesBuildPhase;
			buildActionMask = 2147483647;
			files = (
				AA000020,
				AA000021,
				AA000022,
			);
			runOnlyForDeploymentPostprocessing = 0;
		};
		'AATST010' = {
			isa = PBXSourcesBuildPhase;
			buildActionMask = 2147483647;
			files = (
				AATST200,
				AATST201,
				AATST202,
				AATST203,
				AATST204,
				AATST205,
			);
			runOnlyForDeploymentPostprocessing = 0;
		};
		'BBMACSP001' = {
			isa = PBXSourcesBuildPhase;
			buildActionMask = 2147483647;
			files = (
				BBMAC050,
				BBMAC054,
				BBMAC055,
				BBMAC056,
				BBMAC057,
				BBMAC058,
				BBMAC063,
				BBMAC064,
				BBMAC065,
				BBMAC066,
				BBMAC067,
				BBMAC100,
				BBMACNFW001,
				BBMACNFW002,
				BBMACNFW003,
				BBMACNFW004,
				BBMACNFW005,
				BBMACNFW006,
				BBMAC069,
				BBMAC070,
				BBMAC071,
				BBMAC099,
			);
			runOnlyForDeploymentPostprocessing = 0;
		};
		'BBMACTUNSP001' = {
			isa = PBXSourcesBuildPhase;
			buildActionMask = 2147483647;
			files = (
				BBMACTUNBF002,
			);
			runOnlyForDeploymentPostprocessing = 0;
		};
/* End PBXSourcesBuildPhase section */

/* Begin PBXTargetDependency section */
		'AADEP001' = {
			isa = PBXTargetDependency;
			platformFilters = (
				iphoneos,
			);
			target = AATGT002;
			targetProxy = AADEPPROXY001;
		};
		'AATST_DEP' = {
			isa = PBXTargetDependency;
			target = AATGT001;
			targetProxy = AATST_PROXY;
		};
		'BBMACDEP001' = {
			isa = PBXTargetDependency;
			target = BBMACTUN001;
			targetProxy = BBMACPROXY001;
		};
/* End PBXTargetDependency section */

/* Begin XCBuildConfiguration section */
		'AAXC000D' = {
			isa = XCBuildConfiguration;
			buildSettings = {
				ALWAYS_SEARCH_USER_PATHS = NO;
				CLANG_ENABLE_MODULES = YES;
				CLANG_ENABLE_OBJC_ARC = YES;
				CLANG_WARN_BLOCK_CAPTURE_AUTORELEASING = YES;
				CLANG_WARN_BOOL_CONVERSION = YES;
				CLANG_WARN_COMMA = YES;
				CLANG_WARN_CONSTANT_CONVERSION = YES;
				CLANG_WARN_DEPRECATED_OBJC_IMPLEMENTATIONS = YES;
				CLANG_WARN_EMPTY_BODY = YES;
				CLANG_WARN_ENUM_CONVERSION = YES;
				CLANG_WARN_INFINITE_RECURSION = YES;
				CLANG_WARN_INT_CONVERSION = YES;
				CLANG_WARN_NON_LITERAL_NULL_CONVERSION = YES;
				CLANG_WARN_OBJC_IMPLICIT_RETAIN_SELF = YES;
				CLANG_WARN_OBJC_LITERAL_CONVERSION = YES;
				CLANG_WARN_QUOTED_INCLUDE_IN_FRAMEWORK_HEADER = YES;
				CLANG_WARN_RANGE_LOOP_ANALYSIS = YES;
				CLANG_WARN_STRICT_PROTOTYPES = YES;
				CLANG_WARN_SUSPICIOUS_MOVE = YES;
				CLANG_WARN_UNREACHABLE_CODE = YES;
				CLANG_WARN__DUPLICATE_METHOD_MATCH = YES;
				COPY_PHASE_STRIP = NO;
				DEBUG_INFORMATION_FORMAT = dwarf;
				ENABLE_STRICT_OBJC_MSGSEND = YES;
				ENABLE_TESTABILITY = YES;
				ENABLE_USER_SCRIPT_SANDBOXING = YES;
				GCC_C_LANGUAGE_STANDARD = gnu17;
				GCC_DYNAMIC_NO_PIC = NO;
				GCC_NO_COMMON_BLOCKS = YES;
				GCC_OPTIMIZATION_LEVEL = 0;
				GCC_PREPROCESSOR_DEFINITIONS = (
					"DEBUG=1",
					"$(inherited)",
				);
				GCC_WARN_64_TO_32_BIT_CONVERSION = YES;
				GCC_WARN_ABOUT_RETURN_TYPE = YES;
				GCC_WARN_UNDECLARED_SELECTOR = YES;
				GCC_WARN_UNINITIALIZED_AUTOS = YES;
				GCC_WARN_UNUSED_FUNCTION = YES;
				GCC_WARN_UNUSED_VARIABLE = YES;
				IPHONEOS_DEPLOYMENT_TARGET = 17.0;
				MTL_ENABLE_DEBUG_INFO = INCLUDE_SOURCE;
				MTL_FAST_MATH = YES;
				ONLY_ACTIVE_ARCH = YES;
				SDKROOT = iphoneos;
				STRING_CATALOG_GENERATE_SYMBOLS = YES;
				SWIFT_ACTIVE_COMPILATION_CONDITIONS = DEBUG;
				SWIFT_OPTIMIZATION_LEVEL = "-Onone";
				SWIFT_VERSION = 5.0;
			};
			name = Debug;
		};
		'AAXC000R' = {
			isa = XCBuildConfiguration;
			buildSettings = {
				ALWAYS_SEARCH_USER_PATHS = NO;
				CLANG_ENABLE_MODULES = YES;
				CLANG_ENABLE_OBJC_ARC = YES;
				CLANG_WARN_BLOCK_CAPTURE_AUTORELEASING = YES;
				CLANG_WARN_BOOL_CONVERSION = YES;
				CLANG_WARN_COMMA = YES;
				CLANG_WARN_CONSTANT_CONVERSION = YES;
				CLANG_WARN_DEPRECATED_OBJC_IMPLEMENTATIONS = YES;
				CLANG_WARN_EMPTY_BODY = YES;
				CLANG_WARN_ENUM_CONVERSION = YES;
				CLANG_WARN_INFINITE_RECURSION = YES;
				CLANG_WARN_INT_CONVERSION = YES;
				CLANG_WARN_NON_LITERAL_NULL_CONVERSION = YES;
				CLANG_WARN_OBJC_IMPLICIT_RETAIN_SELF = YES;
				CLANG_WARN_OBJC_LITERAL_CONVERSION = YES;
				CLANG_WARN_QUOTED_INCLUDE_IN_FRAMEWORK_HEADER = YES;
				CLANG_WARN_RANGE_LOOP_ANALYSIS = YES;
				CLANG_WARN_STRICT_PROTOTYPES = YES;
				CLANG_WARN_SUSPICIOUS_MOVE = YES;
				CLANG_WARN_UNREACHABLE_CODE = YES;
				CLANG_WARN__DUPLICATE_METHOD_MATCH = YES;
				COPY_PHASE_STRIP = NO;
				DEBUG_INFORMATION_FORMAT = "dwarf-with-dsym";
				ENABLE_NS_ASSERTIONS = NO;
				ENABLE_STRICT_OBJC_MSGSEND = YES;
				ENABLE_USER_SCRIPT_SANDBOXING = YES;
				GCC_C_LANGUAGE_STANDARD = gnu17;
				GCC_NO_COMMON_BLOCKS = YES;
				GCC_OPTIMIZATION_LEVEL = s;
				GCC_WARN_64_TO_32_BIT_CONVERSION = YES;
				GCC_WARN_ABOUT_RETURN_TYPE = YES;
				GCC_WARN_UNDECLARED_SELECTOR = YES;
				GCC_WARN_UNINITIALIZED_AUTOS = YES;
				GCC_WARN_UNUSED_FUNCTION = YES;
				GCC_WARN_UNUSED_VARIABLE = YES;
				IPHONEOS_DEPLOYMENT_TARGET = 17.0;
				MTL_ENABLE_DEBUG_INFO = NO;
				MTL_FAST_MATH = YES;
				SDKROOT = iphoneos;
				STRING_CATALOG_GENERATE_SYMBOLS = YES;
				SWIFT_COMPILATION_MODE = wholemodule;
				SWIFT_OPTIMIZATION_LEVEL = "-O";
				SWIFT_VERSION = 5.0;
				VALIDATE_PRODUCT = YES;
			};
			name = Release;
		};
		'AAXC001D' = {
			isa = XCBuildConfiguration;
			buildSettings = {
				ASSETCATALOG_COMPILER_APPICON_NAME = AppIcon;
				ASSETCATALOG_COMPILER_GLOBAL_ACCENT_COLOR_NAME = AccentColor;
				CODE_SIGN_ENTITLEMENTS = WraithVPN/WraithVPN.entitlements;
				CODE_SIGN_STYLE = Automatic;
				CURRENT_PROJECT_VERSION = 195;
				DEVELOPMENT_TEAM = 2SGGP65W6C;
				GENERATE_INFOPLIST_FILE = NO;
				INFOPLIST_FILE = WraithVPN/Info.plist;
				IPHONEOS_DEPLOYMENT_TARGET = 17.0;
				LD_RUNPATH_SEARCH_PATHS = (
					"$(inherited)",
					"@executable_path/Frameworks",
				);
				MARKETING_VERSION = 1.1;
				PRODUCT_BUNDLE_IDENTIFIER = com.katafract.wraith;
				PRODUCT_NAME = "$(TARGET_NAME)";
				SUPPORTS_MACCATALYST = NO;
				SUPPORTS_MAC_DESIGNED_FOR_IPHONE_IPAD = NO;
				SWIFT_EMIT_LOC_STRINGS = YES;
				SWIFT_VERSION = 5.0;
				TARGETED_DEVICE_FAMILY = "1,2";
			};
			name = Debug;
		};
		'AAXC001R' = {
			isa = XCBuildConfiguration;
			buildSettings = {
				ASSETCATALOG_COMPILER_APPICON_NAME = AppIcon;
				ASSETCATALOG_COMPILER_GLOBAL_ACCENT_COLOR_NAME = AccentColor;
				CODE_SIGN_ENTITLEMENTS = WraithVPN/WraithVPN.entitlements;
				CODE_SIGN_STYLE = Automatic;
				CURRENT_PROJECT_VERSION = 195;
				DEVELOPMENT_TEAM = 2SGGP65W6C;
				GENERATE_INFOPLIST_FILE = NO;
				INFOPLIST_FILE = WraithVPN/Info.plist;
				IPHONEOS_DEPLOYMENT_TARGET = 17.0;
				LD_RUNPATH_SEARCH_PATHS = (
					"$(inherited)",
					"@executable_path/Frameworks",
				);
				MARKETING_VERSION = 1.1;
				PRODUCT_BUNDLE_IDENTIFIER = com.katafract.wraith;
				PRODUCT_NAME = "$(TARGET_NAME)";
				SUPPORTS_MACCATALYST = NO;
				SUPPORTS_MAC_DESIGNED_FOR_IPHONE_IPAD = NO;
				SWIFT_EMIT_LOC_STRINGS = YES;
				SWIFT_VERSION = 5.0;
				TARGETED_DEVICE_FAMILY = "1,2";
			};
			name = Release;
		};
		'AAXC002D' = {
			isa = XCBuildConfiguration;
			buildSettings = {
				CODE_SIGN_ENTITLEMENTS = WireGuardTunnel/WireGuardTunnel.entitlements;
				CODE_SIGN_STYLE = Automatic;
				CURRENT_PROJECT_VERSION = 195;
				DEVELOPMENT_TEAM = 2SGGP65W6C;
				INFOPLIST_FILE = WireGuardTunnel/Info.plist;
				IPHONEOS_DEPLOYMENT_TARGET = 17.0;
				LD_RUNPATH_SEARCH_PATHS = (
					"$(inherited)",
					"@executable_path/Frameworks",
					"@executable_path/../../Frameworks",
				);
				MARKETING_VERSION = 1.1;
				PRODUCT_BUNDLE_IDENTIFIER = com.katafract.wraith.tunnel;
				PRODUCT_NAME = WireGuardTunnel;
				SKIP_INSTALL = YES;
				SUPPORTED_PLATFORMS = iphoneos;
				SWIFT_VERSION = 5.0;
				TARGETED_DEVICE_FAMILY = "1,2";
			};
			name = Debug;
		};
		'AAXC002R' = {
			isa = XCBuildConfiguration;
			buildSettings = {
				CODE_SIGN_ENTITLEMENTS = WireGuardTunnel/WireGuardTunnel.entitlements;
				CODE_SIGN_STYLE = Automatic;
				CURRENT_PROJECT_VERSION = 195;
				DEVELOPMENT_TEAM = 2SGGP65W6C;
				INFOPLIST_FILE = WireGuardTunnel/Info.plist;
				IPHONEOS_DEPLOYMENT_TARGET = 17.0;
				LD_RUNPATH_SEARCH_PATHS = (
					"$(inherited)",
					"@executable_path/Frameworks",
					"@executable_path/../../Frameworks",
				);
				MARKETING_VERSION = 1.1;
				PRODUCT_BUNDLE_IDENTIFIER = com.katafract.wraith.tunnel;
				PRODUCT_NAME = WireGuardTunnel;
				SKIP_INSTALL = YES;
				SUPPORTED_PLATFORMS = iphoneos;
				SWIFT_VERSION = 5.0;
				TARGETED_DEVICE_FAMILY = "1,2";
			};
			name = Release;
		};
		'AAXC003D' = {
			isa = XCBuildConfiguration;
			buildSettings = {
				BUNDLE_LOADER = "$(TEST_HOST)";
				CODE_SIGN_STYLE = Automatic;
				DEVELOPMENT_TEAM = 2SGGP65W6C;
				GENERATE_INFOPLIST_FILE = YES;
				IPHONEOS_DEPLOYMENT_TARGET = 17.0;
				PRODUCT_BUNDLE_IDENTIFIER = com.katafract.wraith.tests;
				PRODUCT_NAME = "$(TARGET_NAME)";
				SDKROOT = iphoneos;
				SWIFT_VERSION = 5.0;
				TARGETED_DEVICE_FAMILY = "1,2";
				TEST_HOST = "$(BUILT_PRODUCTS_DIR)/WraithVPN.app/$(BUNDLE_EXECUTABLE_FOLDER_PATH)/WraithVPN";
			};
			name = Debug;
		};
		'AAXC003R' = {
			isa = XCBuildConfiguration;
			buildSettings = {
				BUNDLE_LOADER = "$(TEST_HOST)";
				CODE_SIGN_STYLE = Automatic;
				DEVELOPMENT_TEAM = 2SGGP65W6C;
				GENERATE_INFOPLIST_FILE = YES;
				IPHONEOS_DEPLOYMENT_TARGET = 17.0;
				PRODUCT_BUNDLE_IDENTIFIER = com.katafract.wraith.tests;
				PRODUCT_NAME = "$(TARGET_NAME)";
				SDKROOT = iphoneos;
				SWIFT_VERSION = 5.0;
				TARGETED_DEVICE_FAMILY = "1,2";
				TEST_HOST = "$(BUILT_PRODUCTS_DIR)/WraithVPN.app/$(BUNDLE_EXECUTABLE_FOLDER_PATH)/WraithVPN";
			};
			name = Release;
		};
		'BBMACTUND001' = {
			isa = XCBuildConfiguration;
			buildSettings = {
				CODE_SIGN_ENTITLEMENTS = WraithVPNMacTunnel/WraithVPNMacTunnel.entitlements;
				CODE_SIGN_STYLE = Automatic;
				CURRENT_PROJECT_VERSION = 195;
				DEAD_CODE_STRIPPING = YES;
				DEVELOPMENT_TEAM = 2SGGP65W6C;
				GCC_OPTIMIZATION_LEVEL = 0;
				INFOPLIST_FILE = WraithVPNMacTunnel/Info.plist;
				MACOSX_DEPLOYMENT_TARGET = 14.0;
				MARKETING_VERSION = 1.1;
				PRODUCT_BUNDLE_IDENTIFIER = com.katafract.wraith.tunnel;
				PRODUCT_MODULE_NAME = "$(TARGET_NAME:c99extidentifier)";
				PRODUCT_NAME = "$(TARGET_NAME)";
				SDKROOT = macosx;
				SKIP_INSTALL = YES;
				SUPPORTED_PLATFORMS = macosx;
				SWIFT_VERSION = 5.0;
			};
			name = Debug;
		};
		'BBMACTUNR001' = {
			isa = XCBuildConfiguration;
			buildSettings = {
				CODE_SIGN_ENTITLEMENTS = WraithVPNMacTunnel/WraithVPNMacTunnel.entitlements;
				CODE_SIGN_STYLE = Automatic;
				CURRENT_PROJECT_VERSION = 195;
				DEAD_CODE_STRIPPING = YES;
				DEVELOPMENT_TEAM = 2SGGP65W6C;
				INFOPLIST_FILE = WraithVPNMacTunnel/Info.plist;
				MACOSX_DEPLOYMENT_TARGET = 14.0;
				MARKETING_VERSION = 1.1;
				PRODUCT_BUNDLE_IDENTIFIER = com.katafract.wraith.tunnel;
				PRODUCT_MODULE_NAME = "$(TARGET_NAME:c99extidentifier)";
				PRODUCT_NAME = "$(TARGET_NAME)";
				SDKROOT = macosx;
				SKIP_INSTALL = YES;
				SUPPORTED_PLATFORMS = macosx;
				SWIFT_VERSION = 5.0;
			};
			name = Release;
		};
		'BBMACXC001D' = {
			isa = XCBuildConfiguration;
			buildSettings = {
				ASSETCATALOG_COMPILER_APPICON_NAME = AppIcon;
				ASSETCATALOG_COMPILER_GLOBAL_ACCENT_COLOR_NAME = AccentColor;
				CODE_SIGN_ENTITLEMENTS = WraithVPNMac/WraithVPNMac.entitlements;
				CODE_SIGN_STYLE = Automatic;
				CURRENT_PROJECT_VERSION = 195;
				DEVELOPMENT_TEAM = 2SGGP65W6C;
				GENERATE_INFOPLIST_FILE = NO;
				INFOPLIST_FILE = WraithVPNMac/Info.plist;
				LD_RUNPATH_SEARCH_PATHS = (
					"$(inherited)",
					"@executable_path/../Frameworks",
				);
				MACOSX_DEPLOYMENT_TARGET = 13.0;
				MARKETING_VERSION = 1.1;
				PRODUCT_BUNDLE_IDENTIFIER = com.katafract.wraith;
				PRODUCT_NAME = "$(TARGET_NAME)";
				SDKROOT = macosx;
				SWIFT_EMIT_LOC_STRINGS = YES;
				SWIFT_VERSION = 5.0;
			};
			name = Debug;
		};
		'BBMACXC001R' = {
			isa = XCBuildConfiguration;
			buildSettings = {
				ASSETCATALOG_COMPILER_APPICON_NAME = AppIcon;
				ASSETCATALOG_COMPILER_GLOBAL_ACCENT_COLOR_NAME = AccentColor;
				CODE_SIGN_ENTITLEMENTS = WraithVPNMac/WraithVPNMac.entitlements;
				CODE_SIGN_STYLE = Automatic;
				CURRENT_PROJECT_VERSION = 195;
				DEVELOPMENT_TEAM = 2SGGP65W6C;
				GENERATE_INFOPLIST_FILE = NO;
				INFOPLIST_FILE = WraithVPNMac/Info.plist;
				LD_RUNPATH_SEARCH_PATHS = (
					"$(inherited)",
					"@executable_path/../Frameworks",
				);
				MACOSX_DEPLOYMENT_TARGET = 13.0;
				MARKETING_VERSION = 1.1;
				PRODUCT_BUNDLE_IDENTIFIER = com.katafract.wraith;
				PRODUCT_NAME = "$(TARGET_NAME)";
				SDKROOT = macosx;
				SWIFT_EMIT_LOC_STRINGS = YES;
				SWIFT_VERSION = 5.0;
			};
			name = Release;
		};
/* End XCBuildConfiguration section */

/* Begin XCConfigurationList section */
		'AACL000' = {
			isa = XCConfigurationList;
			buildConfigurations = (
				AAXC000D,
				AAXC000R,
			);
			defaultConfigurationIsVisible = 0;
			defaultConfigurationName = Release;
		};
		'AACL001' = {
			isa = XCConfigurationList;
			buildConfigurations = (
				AAXC001D,
				AAXC001R,
			);
			defaultConfigurationIsVisible = 0;
			defaultConfigurationName = Release;
		};
		'AACL002' = {
			isa = XCConfigurationList;
			buildConfigurations = (
				AAXC002D,
				AAXC002R,
			);
			defaultConfigurationIsVisible = 0;
			defaultConfigurationName = Release;
		};
		'AACL003' = {
			isa = XCConfigurationList;
			buildConfigurations = (
				AAXC003D,
				AAXC003R,
			);
			defaultConfigurationIsVisible = 0;
			defaultConfigurationName = Release;
		};
		'BBMACCL001' = {
			isa = XCConfigurationList;
			buildConfigurations = (
				BBMACXC001D,
				BBMACXC001R,
			);
			defaultConfigurationIsVisible = 0;
			defaultConfigurationName = Release;
		};
		'BBMACTUNCL001' = {
			isa = XCConfigurationList;
			buildConfigurations = (
				BBMACTUND001,
				BBMACTUNR001,
			);
			defaultConfigurationIsVisible = 0;
			defaultConfigurationName = Release;
		};
/* End XCConfigurationList section */

/* Begin XCLocalSwiftPackageReference section */
		BC8F55772F80E2F4009FC332 /* XCLocalSwiftPackageReference "wireguard-apple" */ = {
			isa = XCLocalSwiftPackageReference;
			relativePath = "wireguard-apple";
		};
		KFSTYLE001 /* XCLocalSwiftPackageReference "KatafractStyle" */ = {
			isa = XCLocalSwiftPackageReference;
			relativePath = "../KatafractStyle";
		};
/* End XCLocalSwiftPackageReference section */

/* Begin XCSwiftPackageProductDependency section */
		'BBMACTUNWG001' = {
			isa = XCSwiftPackageProductDependency;
			package = BC8F55772F80E2F4009FC332 /* XCLocalSwiftPackageReference "wireguard-apple" */;
			productName = WireGuardKit;
		};
		'BCWGPROD001' = {
			isa = XCSwiftPackageProductDependency;
			package = BC8F55772F80E2F4009FC332 /* XCLocalSwiftPackageReference "wireguard-apple" */;
			productName = WireGuardKit;
		};
		'KFSTYLE_IOS_PROD' = {
			isa = XCSwiftPackageProductDependency;
			package = KFSTYLE001 /* XCLocalSwiftPackageReference "KatafractStyle" */;
			productName = KatafractStyle;
		};
		'KFSTYLE_MAC_PROD' = {
			isa = XCSwiftPackageProductDependency;
			package = KFSTYLE001 /* XCLocalSwiftPackageReference "KatafractStyle" */;
			productName = KatafractStyle;
		};
/* End XCSwiftPackageProductDependency section */
	};
	rootObject = AAPROJ001;
}
