// !$*UTF8*$!
{
	archiveVersion = 1;
	classes = {
	};
	objectVersion = 60;
	objects = {

/* Begin PBXBuildFile section */
		AA000001 /* WraithVPNApp.swift in Sources */ = {isa = PBXBuildFile; fileRef = AA100001 /* WraithVPNApp.swift */; };
		AA000002 /* ContentView.swift in Sources */ = {isa = PBXBuildFile; fileRef = AA100002 /* ContentView.swift */; };
		AA000003 /* ConnectView.swift in Sources */ = {isa = PBXBuildFile; fileRef = AA100003 /* ConnectView.swift */; };
		AA000004 /* ServerPickerView.swift in Sources */ = {isa = PBXBuildFile; fileRef = AA100004 /* ServerPickerView.swift */; };
		AA000005 /* OnboardingView.swift in Sources */ = {isa = PBXBuildFile; fileRef = AA100005 /* OnboardingView.swift */; };
		AA000006 /* SettingsView.swift in Sources */ = {isa = PBXBuildFile; fileRef = AA100006 /* SettingsView.swift */; };
		AA000007 /* PaywallView.swift in Sources */ = {isa = PBXBuildFile; fileRef = AA100007 /* PaywallView.swift */; };
		AA000008 /* Models.swift in Sources */ = {isa = PBXBuildFile; fileRef = AA100008 /* Models.swift */; };
		AA000009 /* APIClient.swift in Sources */ = {isa = PBXBuildFile; fileRef = AA100009 /* APIClient.swift */; };
		AA000010 /* WireGuardManager.swift in Sources */ = {isa = PBXBuildFile; fileRef = AA100010 /* WireGuardManager.swift */; };
		AA000011 /* StoreKitManager.swift in Sources */ = {isa = PBXBuildFile; fileRef = AA100011 /* StoreKitManager.swift */; };
		AA000012 /* ServerListManager.swift in Sources */ = {isa = PBXBuildFile; fileRef = AA100012 /* ServerListManager.swift */; };
		AA000013 /* KeychainHelper.swift in Sources */ = {isa = PBXBuildFile; fileRef = AA100013 /* KeychainHelper.swift */; };
		AA000014 /* DesignSystem.swift in Sources */ = {isa = PBXBuildFile; fileRef = AA100014 /* DesignSystem.swift */; };
		AA000015 /* Assets.xcassets in Resources */ = {isa = PBXBuildFile; fileRef = AA100015 /* Assets.xcassets */; };
		AA000016 /* HavenDNSManager.swift in Sources */ = {isa = PBXBuildFile; fileRef = AA100018 /* HavenDNSManager.swift */; };
		AA000019 /* TokenActivationSheet.swift in Sources */ = {isa = PBXBuildFile; fileRef = AA100019 /* TokenActivationSheet.swift */; };
		AA00001A /* HavenDNSSettingsView.swift in Sources */ = {isa = PBXBuildFile; fileRef = AA10001A /* HavenDNSSettingsView.swift */; };
		AA00001B /* AchievementsView.swift in Sources */ = {isa = PBXBuildFile; fileRef = AA10001B /* AchievementsView.swift */; };
		AA00001C /* DnsStatsView.swift in Sources */ = {isa = PBXBuildFile; fileRef = AA10001C /* DnsStatsView.swift */; };
		AA00001D /* TokenRecoverySheet.swift in Sources */ = {isa = PBXBuildFile; fileRef = AA10001D /* TokenRecoverySheet.swift */; };
		AA000020 /* PacketTunnelProvider.swift in Sources */ = {isa = PBXBuildFile; fileRef = AA100020 /* PacketTunnelProvider.swift */; };
		AA000021 /* TunnelConfiguration+WgQuickConfig.swift in Sources */ = {isa = PBXBuildFile; fileRef = AA100022 /* TunnelConfiguration+WgQuickConfig.swift */; };
		AA000022 /* String+ArrayConversion.swift in Sources */ = {isa = PBXBuildFile; fileRef = AA100023 /* String+ArrayConversion.swift */; };
		AA000030 /* NetworkExtension.framework in Frameworks */ = {isa = PBXBuildFile; fileRef = AA100030 /* NetworkExtension.framework */; };
		AA000031 /* StoreKit.framework in Frameworks */ = {isa = PBXBuildFile; fileRef = AA100031 /* StoreKit.framework */; };
		AA000032 /* CryptoKit.framework in Frameworks */ = {isa = PBXBuildFile; fileRef = AA100032 /* CryptoKit.framework */; };
		AA000033 /* Network.framework in Frameworks */ = {isa = PBXBuildFile; fileRef = AA100033 /* Network.framework */; };
		AA000034 /* NetworkExtension.framework in Frameworks */ = {isa = PBXBuildFile; fileRef = AA100030 /* NetworkExtension.framework */; };
		AA000035 /* WireGuardKit in Frameworks */ = {isa = PBXBuildFile; productRef = BCWGPROD001 /* WireGuardKit */; };
		AACOPYREF001 /* WireGuardTunnel.appex in Embed Foundation Extensions */ = {isa = PBXBuildFile; fileRef = AAPROD002 /* WireGuardTunnel.appex */; platformFilter = ios; settings = {ATTRIBUTES = (RemoveHeadersOnCopy, ); }; };
		AATST200 /* ModelTests.swift in Sources */ = {isa = PBXBuildFile; fileRef = AATST100 /* ModelTests.swift */; };
		AATST201 /* KeychainHelperTests.swift in Sources */ = {isa = PBXBuildFile; fileRef = AATST101 /* KeychainHelperTests.swift */; };
		AATST202 /* APIClientTests.swift in Sources */ = {isa = PBXBuildFile; fileRef = AATST102 /* APIClientTests.swift */; };
		AATST203 /* StoreKitManagerTests.swift in Sources */ = {isa = PBXBuildFile; fileRef = AATST103 /* StoreKitManagerTests.swift */; };
		AATST204 /* ServerListManagerTests.swift in Sources */ = {isa = PBXBuildFile; fileRef = AATST104 /* ServerListManagerTests.swift */; };
		AATST205 /* HavenDNSManagerTests.swift in Sources */ = {isa = PBXBuildFile; fileRef = AATST105 /* HavenDNSManagerTests.swift */; };
		BBMAC050 /* WraithVPNMacApp.swift in Sources */ = {isa = PBXBuildFile; fileRef = BBMAC010 /* WraithVPNMacApp.swift */; };
		BBMAC051 /* MenuBarView.swift in Sources */ = {isa = PBXBuildFile; fileRef = BBMAC011 /* MenuBarView.swift */; };
		BBMAC052 /* MenuBarLabel.swift in Sources */ = {isa = PBXBuildFile; fileRef = BBMAC012 /* MenuBarLabel.swift */; };
		BBMAC053 /* TokenEntryView.swift in Sources */ = {isa = PBXBuildFile; fileRef = BBMAC013 /* TokenEntryView.swift */; };
		BBMAC054 /* APIClient.swift in Sources */ = {isa = PBXBuildFile; fileRef = AA100009 /* APIClient.swift */; };
		BBMAC055 /* StoreKitManager.swift in Sources */ = {isa = PBXBuildFile; fileRef = AA100011 /* StoreKitManager.swift */; };
		BBMAC056 /* HavenDNSManager.swift in Sources */ = {isa = PBXBuildFile; fileRef = AA100018 /* HavenDNSManager.swift */; };
		BBMAC057 /* KeychainHelper.swift in Sources */ = {isa = PBXBuildFile; fileRef = AA100013 /* KeychainHelper.swift */; };
		BBMAC058 /* Models.swift in Sources */ = {isa = PBXBuildFile; fileRef = AA100008 /* Models.swift */; };
		BBMAC060 /* PrivacyInfo.xcprivacy in Resources */ = {isa = PBXBuildFile; fileRef = BBMAC015 /* PrivacyInfo.xcprivacy */; };
		BBMAC061 /* VPNConfigManager.swift in Sources */ = {isa = PBXBuildFile; fileRef = BBMAC016B /* VPNConfigManager.swift */; };
		BBMAC062 /* Assets.xcassets in Resources */ = {isa = PBXBuildFile; fileRef = AA100015 /* Assets.xcassets */; };
		BBMAC063 /* WireGuardManager.swift in Sources */ = {isa = PBXBuildFile; fileRef = AA100010 /* WireGuardManager.swift */; };
		BBMAC064 /* ServerListManager.swift in Sources */ = {isa = PBXBuildFile; fileRef = AA100012 /* ServerListManager.swift */; };
		BBMAC065 /* DesignSystem.swift in Sources */ = {isa = PBXBuildFile; fileRef = AA100014 /* DesignSystem.swift */; };
		BBMAC066 /* MainMenuView.swift in Sources */ = {isa = PBXBuildFile; fileRef = BBMAC020 /* MainMenuView.swift */; };
		BBMAC067 /* MacAccountView.swift in Sources */ = {isa = PBXBuildFile; fileRef = BBMAC021 /* MacAccountView.swift */; };
		BBMAC068 /* NetworkExtension.framework in Frameworks */ = {isa = PBXBuildFile; fileRef = AA100030 /* NetworkExtension.framework */; };
/* End PBXBuildFile section */

/* Begin PBXContainerItemProxy section */
		AADEPPROXY001 /* PBXContainerItemProxy */ = {
			isa = PBXContainerItemProxy;
			containerPortal = AAPROJ001 /* Project object */;
			proxyType = 1;
			remoteGlobalIDString = AATGT002;
			remoteInfo = WireGuardTunnel;
		};
		AATST_PROXY /* PBXContainerItemProxy */ = {
			isa = PBXContainerItemProxy;
			containerPortal = AAPROJ001 /* Project object */;
			proxyType = 1;
			remoteGlobalIDString = AATGT001;
			remoteInfo = WraithVPN;
		};
		BC9FECEA2F80E5150020F723 /* PBXContainerItemProxy */ = {
			isa = PBXContainerItemProxy;
			containerPortal = BC9FECE02F80E5140020F723 /* WireGuard.xcodeproj */;
			proxyType = 2;
			remoteGlobalIDString = 6FF4AC14211EC46F002C96EB;
			remoteInfo = WireGuardiOS;
		};
		BC9FECEC2F80E5150020F723 /* PBXContainerItemProxy */ = {
			isa = PBXContainerItemProxy;
			containerPortal = BC9FECE02F80E5140020F723 /* WireGuard.xcodeproj */;
			proxyType = 2;
			remoteGlobalIDString = 6F5D0C1A218352EF000F85AD;
			remoteInfo = WireGuardNetworkExtensioniOS;
		};
		BC9FECEE2F80E5150020F723 /* PBXContainerItemProxy */ = {
			isa = PBXContainerItemProxy;
			containerPortal = BC9FECE02F80E5140020F723 /* WireGuard.xcodeproj */;
			proxyType = 2;
			remoteGlobalIDString = 6FB1BD5D21D2607A00A991BF;
			remoteInfo = WireGuardmacOS;
		};
		BC9FECF02F80E5150020F723 /* PBXContainerItemProxy */ = {
			isa = PBXContainerItemProxy;
			containerPortal = BC9FECE02F80E5140020F723 /* WireGuard.xcodeproj */;
			proxyType = 2;
			remoteGlobalIDString = 6FB1BD9121D4BFE600A991BF;
			remoteInfo = WireGuardNetworkExtensionmacOS;
		};
		BC9FECF22F80E5150020F723 /* PBXContainerItemProxy */ = {
			isa = PBXContainerItemProxy;
			containerPortal = BC9FECE02F80E5140020F723 /* WireGuard.xcodeproj */;
			proxyType = 2;
			remoteGlobalIDString = 6F70E22922106A2D008BDFB4;
			remoteInfo = WireGuardmacOSLoginItemHelper;
		};
/* End PBXContainerItemProxy section */

/* Begin PBXCopyFilesBuildPhase section */
		AACOPY001 /* Embed Foundation Extensions */ = {
			isa = PBXCopyFilesBuildPhase;
			buildActionMask = 2147483647;
			dstPath = "";
			dstSubfolderSpec = 13;
			files = (
				AACOPYREF001 /* WireGuardTunnel.appex in Embed Foundation Extensions */,
			);
			name = "Embed Foundation Extensions";
			runOnlyForDeploymentPostprocessing = 0;
		};
/* End PBXCopyFilesBuildPhase section */

/* Begin PBXFileReference section */
		AA100001 /* WraithVPNApp.swift */ = {isa = PBXFileReference; lastKnownFileType = sourcecode.swift; path = WraithVPNApp.swift; sourceTree = "<group>"; };
		AA100002 /* ContentView.swift */ = {isa = PBXFileReference; lastKnownFileType = sourcecode.swift; path = ContentView.swift; sourceTree = "<group>"; };
		AA100003 /* ConnectView.swift */ = {isa = PBXFileReference; lastKnownFileType = sourcecode.swift; path = ConnectView.swift; sourceTree = "<group>"; };
		AA100004 /* ServerPickerView.swift */ = {isa = PBXFileReference; lastKnownFileType = sourcecode.swift; path = ServerPickerView.swift; sourceTree = "<group>"; };
		AA100005 /* OnboardingView.swift */ = {isa = PBXFileReference; lastKnownFileType = sourcecode.swift; path = OnboardingView.swift; sourceTree = "<group>"; };
		AA100006 /* SettingsView.swift */ = {isa = PBXFileReference; lastKnownFileType = sourcecode.swift; path = SettingsView.swift; sourceTree = "<group>"; };
		AA100007 /* PaywallView.swift */ = {isa = PBXFileReference; lastKnownFileType = sourcecode.swift; path = PaywallView.swift; sourceTree = "<group>"; };
		AA100008 /* Models.swift */ = {isa = PBXFileReference; lastKnownFileType = sourcecode.swift; path = Models.swift; sourceTree = "<group>"; };
		AA100009 /* APIClient.swift */ = {isa = PBXFileReference; lastKnownFileType = sourcecode.swift; path = APIClient.swift; sourceTree = "<group>"; };
		AA100010 /* WireGuardManager.swift */ = {isa = PBXFileReference; lastKnownFileType = sourcecode.swift; path = WireGuardManager.swift; sourceTree = "<group>"; };
		AA100011 /* StoreKitManager.swift */ = {isa = PBXFileReference; lastKnownFileType = sourcecode.swift; path = StoreKitManager.swift; sourceTree = "<group>"; };
		AA100012 /* ServerListManager.swift */ = {isa = PBXFileReference; lastKnownFileType = sourcecode.swift; path = ServerListManager.swift; sourceTree = "<group>"; };
		AA100013 /* KeychainHelper.swift */ = {isa = PBXFileReference; lastKnownFileType = sourcecode.swift; path = KeychainHelper.swift; sourceTree = "<group>"; };
		AA100014 /* DesignSystem.swift */ = {isa = PBXFileReference; lastKnownFileType = sourcecode.swift; path = DesignSystem.swift; sourceTree = "<group>"; };
		AA100015 /* Assets.xcassets */ = {isa = PBXFileReference; lastKnownFileType = folder.assetcatalog; path = Assets.xcassets; sourceTree = "<group>"; };
		AA100016 /* Info.plist */ = {isa = PBXFileReference; lastKnownFileType = text.plist.xml; path = Info.plist; sourceTree = "<group>"; };
		AA100017 /* WraithVPN.entitlements */ = {isa = PBXFileReference; lastKnownFileType = text.plist.entitlements; path = WraithVPN.entitlements; sourceTree = "<group>"; };
		AA100018 /* HavenDNSManager.swift */ = {isa = PBXFileReference; lastKnownFileType = sourcecode.swift; path = HavenDNSManager.swift; sourceTree = "<group>"; };
		AA100019 /* TokenActivationSheet.swift */ = {isa = PBXFileReference; lastKnownFileType = sourcecode.swift; path = TokenActivationSheet.swift; sourceTree = "<group>"; };
		AA10001A /* HavenDNSSettingsView.swift */ = {isa = PBXFileReference; lastKnownFileType = sourcecode.swift; path = HavenDNSSettingsView.swift; sourceTree = "<group>"; };
		AA10001B /* AchievementsView.swift */ = {isa = PBXFileReference; lastKnownFileType = sourcecode.swift; path = AchievementsView.swift; sourceTree = "<group>"; };
		AA10001C /* DnsStatsView.swift */ = {isa = PBXFileReference; lastKnownFileType = sourcecode.swift; path = DnsStatsView.swift; sourceTree = "<group>"; };
		AA10001D /* TokenRecoverySheet.swift */ = {isa = PBXFileReference; lastKnownFileType = sourcecode.swift; path = TokenRecoverySheet.swift; sourceTree = "<group>"; };
		AA100020 /* PacketTunnelProvider.swift */ = {isa = PBXFileReference; lastKnownFileType = sourcecode.swift; path = PacketTunnelProvider.swift; sourceTree = "<group>"; };
		AA100021 /* WireGuardTunnel.entitlements */ = {isa = PBXFileReference; lastKnownFileType = text.plist.entitlements; path = WireGuardTunnel.entitlements; sourceTree = "<group>"; };
		AA100022 /* TunnelConfiguration+WgQuickConfig.swift */ = {isa = PBXFileReference; lastKnownFileType = sourcecode.swift; path = "TunnelConfiguration+WgQuickConfig.swift"; sourceTree = "<group>"; };
		AA100023 /* String+ArrayConversion.swift */ = {isa = PBXFileReference; lastKnownFileType = sourcecode.swift; path = "String+ArrayConversion.swift"; sourceTree = "<group>"; };
		AA100030 /* NetworkExtension.framework */ = {isa = PBXFileReference; lastKnownFileType = wrapper.framework; name = NetworkExtension.framework; path = System/Library/Frameworks/NetworkExtension.framework; sourceTree = SDKROOT; };
		AA100031 /* StoreKit.framework */ = {isa = PBXFileReference; lastKnownFileType = wrapper.framework; name = StoreKit.framework; path = System/Library/Frameworks/StoreKit.framework; sourceTree = SDKROOT; };
		AA100032 /* CryptoKit.framework */ = {isa = PBXFileReference; lastKnownFileType = wrapper.framework; name = CryptoKit.framework; path = System/Library/Frameworks/CryptoKit.framework; sourceTree = SDKROOT; };
		AA100033 /* Network.framework */ = {isa = PBXFileReference; lastKnownFileType = wrapper.framework; name = Network.framework; path = System/Library/Frameworks/Network.framework; sourceTree = SDKROOT; };
		AAPROD001 /* WraithVPN.app */ = {isa = PBXFileReference; explicitFileType = wrapper.application; includeInIndex = 0; path = WraithVPN.app; sourceTree = BUILT_PRODUCTS_DIR; };
		AAPROD002 /* WireGuardTunnel.appex */ = {isa = PBXFileReference; explicitFileType = "wrapper.app-extension"; includeInIndex = 0; path = WireGuardTunnel.appex; sourceTree = BUILT_PRODUCTS_DIR; };
		AATST100 /* ModelTests.swift */ = {isa = PBXFileReference; lastKnownFileType = sourcecode.swift; path = ModelTests.swift; sourceTree = "<group>"; };
		AATST101 /* KeychainHelperTests.swift */ = {isa = PBXFileReference; lastKnownFileType = sourcecode.swift; path = KeychainHelperTests.swift; sourceTree = "<group>"; };
		AATST102 /* APIClientTests.swift */ = {isa = PBXFileReference; lastKnownFileType = sourcecode.swift; path = APIClientTests.swift; sourceTree = "<group>"; };
		AATST103 /* StoreKitManagerTests.swift */ = {isa = PBXFileReference; lastKnownFileType = sourcecode.swift; path = StoreKitManagerTests.swift; sourceTree = "<group>"; };
		AATST104 /* ServerListManagerTests.swift */ = {isa = PBXFileReference; lastKnownFileType = sourcecode.swift; path = ServerListManagerTests.swift; sourceTree = "<group>"; };
		AATST105 /* HavenDNSManagerTests.swift */ = {isa = PBXFileReference; lastKnownFileType = sourcecode.swift; path = HavenDNSManagerTests.swift; sourceTree = "<group>"; };
		AATST_PROD /* WraithVPNTests.xctest */ = {isa = PBXFileReference; explicitFileType = wrapper.cfbundle; includeInIndex = 0; path = WraithVPNTests.xctest; sourceTree = BUILT_PRODUCTS_DIR; };
		BBMAC010 /* WraithVPNMacApp.swift */ = {isa = PBXFileReference; lastKnownFileType = sourcecode.swift; path = WraithVPNMacApp.swift; sourceTree = "<group>"; };
		BBMAC011 /* MenuBarView.swift */ = {isa = PBXFileReference; lastKnownFileType = sourcecode.swift; path = MenuBarView.swift; sourceTree = "<group>"; };
		BBMAC012 /* MenuBarLabel.swift */ = {isa = PBXFileReference; lastKnownFileType = sourcecode.swift; path = MenuBarLabel.swift; sourceTree = "<group>"; };
		BBMAC013 /* TokenEntryView.swift */ = {isa = PBXFileReference; lastKnownFileType = sourcecode.swift; path = TokenEntryView.swift; sourceTree = "<group>"; };
		BBMAC014 /* Info.plist */ = {isa = PBXFileReference; lastKnownFileType = text.plist.xml; path = Info.plist; sourceTree = "<group>"; };
		BBMAC015 /* PrivacyInfo.xcprivacy */ = {isa = PBXFileReference; lastKnownFileType = text.plist.xml; path = PrivacyInfo.xcprivacy; sourceTree = "<group>"; };
		BBMAC016 /* WraithVPNMac.entitlements */ = {isa = PBXFileReference; lastKnownFileType = text.plist.entitlements; path = WraithVPNMac.entitlements; sourceTree = "<group>"; };
		BBMAC016B /* VPNConfigManager.swift */ = {isa = PBXFileReference; lastKnownFileType = sourcecode.swift; path = VPNConfigManager.swift; sourceTree = "<group>"; };
		BBMAC020 /* MainMenuView.swift */ = {isa = PBXFileReference; lastKnownFileType = sourcecode.swift; path = MainMenuView.swift; sourceTree = "<group>"; };
		BBMAC021 /* MacAccountView.swift */ = {isa = PBXFileReference; lastKnownFileType = sourcecode.swift; path = MacAccountView.swift; sourceTree = "<group>"; };
		BBMACPROD001 /* WraithVPNMac.app */ = {isa = PBXFileReference; explicitFileType = wrapper.application; includeInIndex = 0; path = WraithVPNMac.app; sourceTree = BUILT_PRODUCTS_DIR; };
		BC9FECE02F80E5140020F723 /* WireGuard.xcodeproj */ = {isa = PBXFileReference; lastKnownFileType = "wrapper.pb-project"; path = WireGuard.xcodeproj; sourceTree = "<group>"; };
		BCC37CBF2F84CC2E00ABBF3E /* TestPlan.xctestplan */ = {isa = PBXFileReference; lastKnownFileType = text; path = TestPlan.xctestplan; sourceTree = "<group>"; };
/* End PBXFileReference section */

/* Begin PBXFrameworksBuildPhase section */
		AABP001 /* Frameworks */ = {
			isa = PBXFrameworksBuildPhase;
			buildActionMask = 2147483647;
			files = (
				AA000030 /* NetworkExtension.framework in Frameworks */,
				AA000031 /* StoreKit.framework in Frameworks */,
				AA000032 /* CryptoKit.framework in Frameworks */,
				AA000033 /* Network.framework in Frameworks */,
			);
			runOnlyForDeploymentPostprocessing = 0;
		};
		AABP002 /* Frameworks */ = {
			isa = PBXFrameworksBuildPhase;
			buildActionMask = 2147483647;
			files = (
				AA000034 /* NetworkExtension.framework in Frameworks */,
				AA000035 /* WireGuardKit in Frameworks */,
			);
			runOnlyForDeploymentPostprocessing = 0;
		};
		BBMACBP001 /* Frameworks */ = {
			isa = PBXFrameworksBuildPhase;
			buildActionMask = 2147483647;
			files = (
				BBMAC068 /* NetworkExtension.framework in Frameworks */,
			);
			runOnlyForDeploymentPostprocessing = 0;
		};
/* End PBXFrameworksBuildPhase section */

/* Begin PBXGroup section */
		AAGRP000 = {
			isa = PBXGroup;
			children = (
				BCC37CBF2F84CC2E00ABBF3E /* TestPlan.xctestplan */,
				AAGRP001 /* WraithVPN */,
				AAGRP005 /* WireGuardTunnel */,
				BBMACGRP001 /* WraithVPNMac */,
				AAGRP006 /* WraithVPNTests */,
				AAGRP009 /* Frameworks */,
				AAGRP010 /* Products */,
				BC9FECE02F80E5140020F723 /* WireGuard.xcodeproj */,
			);
			sourceTree = "<group>";
		};
		AAGRP001 /* WraithVPN */ = {
			isa = PBXGroup;
			children = (
				AA100001 /* WraithVPNApp.swift */,
				AAGRP002 /* Views */,
				AAGRP003 /* Managers */,
				AAGRP004 /* Helpers */,
				AAGRP004B /* Models */,
				AA100015 /* Assets.xcassets */,
				AA100016 /* Info.plist */,
				AA100017 /* WraithVPN.entitlements */,
			);
			path = WraithVPN;
			sourceTree = "<group>";
		};
		AAGRP002 /* Views */ = {
			isa = PBXGroup;
			children = (
				AA100002 /* ContentView.swift */,
				AA100003 /* ConnectView.swift */,
				AA100004 /* ServerPickerView.swift */,
				AA100005 /* OnboardingView.swift */,
				AA100006 /* SettingsView.swift */,
				AA100007 /* PaywallView.swift */,
				AA100019 /* TokenActivationSheet.swift */,
				AA10001A /* HavenDNSSettingsView.swift */,
				AA10001B /* AchievementsView.swift */,
				AA10001C /* DnsStatsView.swift */,
				AA10001D /* TokenRecoverySheet.swift */,
			);
			path = Views;
			sourceTree = "<group>";
		};
		AAGRP003 /* Managers */ = {
			isa = PBXGroup;
			children = (
				AA100009 /* APIClient.swift */,
				AA100010 /* WireGuardManager.swift */,
				AA100011 /* StoreKitManager.swift */,
				AA100012 /* ServerListManager.swift */,
				AA100018 /* HavenDNSManager.swift */,
			);
			path = Managers;
			sourceTree = "<group>";
		};
		AAGRP004 /* Helpers */ = {
			isa = PBXGroup;
			children = (
				AA100013 /* KeychainHelper.swift */,
				AA100014 /* DesignSystem.swift */,
			);
			path = Helpers;
			sourceTree = "<group>";
		};
		AAGRP004B /* Models */ = {
			isa = PBXGroup;
			children = (
				AA100008 /* Models.swift */,
			);
			path = Models;
			sourceTree = "<group>";
		};
		AAGRP005 /* WireGuardTunnel */ = {
			isa = PBXGroup;
			children = (
				AA100020 /* PacketTunnelProvider.swift */,
				AA100022 /* TunnelConfiguration+WgQuickConfig.swift */,
				AA100023 /* String+ArrayConversion.swift */,
				AA100021 /* WireGuardTunnel.entitlements */,
			);
			path = WireGuardTunnel;
			sourceTree = "<group>";
		};
		AAGRP006 /* WraithVPNTests */ = {
			isa = PBXGroup;
			children = (
				AATST100 /* ModelTests.swift */,
				AATST101 /* KeychainHelperTests.swift */,
				AATST102 /* APIClientTests.swift */,
				AATST103 /* StoreKitManagerTests.swift */,
				AATST104 /* ServerListManagerTests.swift */,
				AATST105 /* HavenDNSManagerTests.swift */,
			);
			path = WraithVPNTests;
			sourceTree = "<group>";
		};
		AAGRP009 /* Frameworks */ = {
			isa = PBXGroup;
			children = (
				AA100030 /* NetworkExtension.framework */,
				AA100031 /* StoreKit.framework */,
				AA100032 /* CryptoKit.framework */,
				AA100033 /* Network.framework */,
			);
			name = Frameworks;
			sourceTree = "<group>";
		};
		AAGRP010 /* Products */ = {
			isa = PBXGroup;
			children = (
				AAPROD001 /* WraithVPN.app */,
				AAPROD002 /* WireGuardTunnel.appex */,
				BBMACPROD001 /* WraithVPNMac.app */,
				AATST_PROD /* WraithVPNTests.xctest */,
			);
			name = Products;
			sourceTree = "<group>";
		};
		BBMACGRP001 /* WraithVPNMac */ = {
			isa = PBXGroup;
			children = (
				BBMAC010 /* WraithVPNMacApp.swift */,
				BBMAC020 /* MainMenuView.swift */,
				BBMAC021 /* MacAccountView.swift */,
				BBMAC011 /* MenuBarView.swift */,
				BBMAC012 /* MenuBarLabel.swift */,
				BBMAC013 /* TokenEntryView.swift */,
				BBMAC016B /* VPNConfigManager.swift */,
				BBMAC014 /* Info.plist */,
				BBMAC015 /* PrivacyInfo.xcprivacy */,
				BBMAC016 /* WraithVPNMac.entitlements */,
			);
			path = WraithVPNMac;
			sourceTree = "<group>";
		};
		BC9FECE12F80E5140020F723 /* Products */ = {
			isa = PBXGroup;
			children = (
				BC9FECEB2F80E5150020F723 /* WireGuard.app */,
				BC9FECED2F80E5150020F723 /* WireGuardNetworkExtension.appex */,
				BC9FECEF2F80E5150020F723 /* WireGuard.app */,
				BC9FECF12F80E5150020F723 /* WireGuardNetworkExtension.appex */,
				BC9FECF32F80E5150020F723 /* WireGuardLoginItemHelper.app */,
			);
			name = Products;
			sourceTree = "<group>";
		};
/* End PBXGroup section */

/* Begin PBXNativeTarget section */
		AATGT001 /* WraithVPN */ = {
			isa = PBXNativeTarget;
			buildConfigurationList = AACL001 /* Build configuration list for PBXNativeTarget "WraithVPN" */;
			buildPhases = (
				AABP001 /* Frameworks */,
				AASP001 /* Sources */,
				AARES001 /* Resources */,
				AACOPY001 /* Embed Foundation Extensions */,
			);
			buildRules = (
			);
			dependencies = (
				AADEP001 /* PBXTargetDependency */,
			);
			name = WraithVPN;
			productName = WraithVPN;
			productReference = AAPROD001 /* WraithVPN.app */;
			productType = "com.apple.product-type.application";
		};
		AATGT002 /* WireGuardTunnel */ = {
			isa = PBXNativeTarget;
			buildConfigurationList = AACL002 /* Build configuration list for PBXNativeTarget "WireGuardTunnel" */;
			buildPhases = (
				AABP002 /* Frameworks */,
				AASP002 /* Sources */,
			);
			buildRules = (
			);
			dependencies = (
			);
			name = WireGuardTunnel;
			packageProductDependencies = (
				BCWGPROD001 /* WireGuardKit */,
			);
			productName = WireGuardTunnel;
			productReference = AAPROD002 /* WireGuardTunnel.appex */;
			productType = "com.apple.product-type.app-extension";
		};
		AATST001 /* WraithVPNTests */ = {
			isa = PBXNativeTarget;
			buildConfigurationList = AACL003 /* Build configuration list for PBXNativeTarget "WraithVPNTests" */;
			buildPhases = (
				AATST010 /* Sources */,
			);
			buildRules = (
			);
			dependencies = (
				AATST_DEP /* PBXTargetDependency */,
			);
			name = WraithVPNTests;
			productName = WraithVPNTests;
			productReference = AATST_PROD /* WraithVPNTests.xctest */;
			productType = "com.apple.product-type.bundle.unit-test";
		};
		BBMACTGT001 /* WraithVPNMac */ = {
			isa = PBXNativeTarget;
			buildConfigurationList = BBMACCL001 /* Build configuration list for PBXNativeTarget "WraithVPNMac" */;
			buildPhases = (
				BBMACBP001 /* Frameworks */,
				BBMACSP001 /* Sources */,
				BBMACRES001 /* Resources */,
			);
			buildRules = (
			);
			dependencies = (
			);
			name = WraithVPNMac;
			productName = WraithVPNMac;
			productReference = BBMACPROD001 /* WraithVPNMac.app */;
			productType = "com.apple.product-type.application";
		};
/* End PBXNativeTarget section */

/* Begin PBXProject section */
		AAPROJ001 /* Project object */ = {
			isa = PBXProject;
			attributes = {
				BuildIndependentTargetsInParallel = 1;
				LastSwiftUpdateCheck = 1540;
				LastUpgradeCheck = 2640;
				TargetAttributes = {
					AATGT001 = {
						CreatedOnToolsVersion = 15.4;
					};
					AATGT002 = {
						CreatedOnToolsVersion = 15.4;
					};
					AATST001 = {
						CreatedOnToolsVersion = 15.4;
						TestTargetID = AATGT001;
					};
					BBMACTGT001 = {
						CreatedOnToolsVersion = 15.4;
					};
				};
			};
			buildConfigurationList = AACL000 /* Build configuration list for PBXProject "WraithVPN" */;
			compatibilityVersion = "Xcode 14.0";
			developmentRegion = en;
			hasScannedForEncodings = 0;
			knownRegions = (
				en,
				Base,
			);
			mainGroup = AAGRP000;
			packageReferences = (
				BC8F55772F80E2F4009FC332 /* XCLocalSwiftPackageReference "wireguard-apple" */,
			);
			productRefGroup = AAGRP010 /* Products */;
			projectDirPath = "";
			projectReferences = (
				{
					ProductGroup = BC9FECE12F80E5140020F723 /* Products */;
					ProjectRef = BC9FECE02F80E5140020F723 /* WireGuard.xcodeproj */;
				},
			);
			projectRoot = "";
			targets = (
				AATGT001 /* WraithVPN */,
				AATGT002 /* WireGuardTunnel */,
				BBMACTGT001 /* WraithVPNMac */,
				AATST001 /* WraithVPNTests */,
			);
		};
/* End PBXProject section */

/* Begin PBXReferenceProxy section */
		BC9FECEB2F80E5150020F723 /* WireGuard.app */ = {
			isa = PBXReferenceProxy;
			fileType = wrapper.application;
			path = WireGuard.app;
			remoteRef = BC9FECEA2F80E5150020F723 /* PBXContainerItemProxy */;
			sourceTree = BUILT_PRODUCTS_DIR;
		};
		BC9FECED2F80E5150020F723 /* WireGuardNetworkExtension.appex */ = {
			isa = PBXReferenceProxy;
			fileType = "wrapper.app-extension";
			path = WireGuardNetworkExtension.appex;
			remoteRef = BC9FECEC2F80E5150020F723 /* PBXContainerItemProxy */;
			sourceTree = BUILT_PRODUCTS_DIR;
		};
		BC9FECEF2F80E5150020F723 /* WireGuard.app */ = {
			isa = PBXReferenceProxy;
			fileType = wrapper.application;
			path = WireGuard.app;
			remoteRef = BC9FECEE2F80E5150020F723 /* PBXContainerItemProxy */;
			sourceTree = BUILT_PRODUCTS_DIR;
		};
		BC9FECF12F80E5150020F723 /* WireGuardNetworkExtension.appex */ = {
			isa = PBXReferenceProxy;
			fileType = "wrapper.app-extension";
			path = WireGuardNetworkExtension.appex;
			remoteRef = BC9FECF02F80E5150020F723 /* PBXContainerItemProxy */;
			sourceTree = BUILT_PRODUCTS_DIR;
		};
		BC9FECF32F80E5150020F723 /* WireGuardLoginItemHelper.app */ = {
			isa = PBXReferenceProxy;
			fileType = wrapper.application;
			path = WireGuardLoginItemHelper.app;
			remoteRef = BC9FECF22F80E5150020F723 /* PBXContainerItemProxy */;
			sourceTree = BUILT_PRODUCTS_DIR;
		};
/* End PBXReferenceProxy section */

/* Begin PBXResourcesBuildPhase section */
		AARES001 /* Resources */ = {
			isa = PBXResourcesBuildPhase;
			buildActionMask = 2147483647;
			files = (
				AA000015 /* Assets.xcassets in Resources */,
			);
			runOnlyForDeploymentPostprocessing = 0;
		};
		BBMACRES001 /* Resources */ = {
			isa = PBXResourcesBuildPhase;
			buildActionMask = 2147483647;
			files = (
				BBMAC060 /* PrivacyInfo.xcprivacy in Resources */,
				BBMAC062 /* Assets.xcassets in Resources */,
			);
			runOnlyForDeploymentPostprocessing = 0;
		};
/* End PBXResourcesBuildPhase section */

/* Begin PBXSourcesBuildPhase section */
		AASP001 /* Sources */ = {
			isa = PBXSourcesBuildPhase;
			buildActionMask = 2147483647;
			files = (
				AA000001 /* WraithVPNApp.swift in Sources */,
				AA000002 /* ContentView.swift in Sources */,
				AA000003 /* ConnectView.swift in Sources */,
				AA000004 /* ServerPickerView.swift in Sources */,
				AA000005 /* OnboardingView.swift in Sources */,
				AA000006 /* SettingsView.swift in Sources */,
				AA000007 /* PaywallView.swift in Sources */,
				AA000019 /* TokenActivationSheet.swift in Sources */,
				AA00001A /* HavenDNSSettingsView.swift in Sources */,
				AA00001B /* AchievementsView.swift in Sources */,
				AA00001C /* DnsStatsView.swift in Sources */,
				AA00001D /* TokenRecoverySheet.swift in Sources */,
				AA000008 /* Models.swift in Sources */,
				AA000009 /* APIClient.swift in Sources */,
				AA000010 /* WireGuardManager.swift in Sources */,
				AA000011 /* StoreKitManager.swift in Sources */,
				AA000012 /* ServerListManager.swift in Sources */,
				AA000013 /* KeychainHelper.swift in Sources */,
				AA000014 /* DesignSystem.swift in Sources */,
				AA000016 /* HavenDNSManager.swift in Sources */,
			);
			runOnlyForDeploymentPostprocessing = 0;
		};
		AASP002 /* Sources */ = {
			isa = PBXSourcesBuildPhase;
			buildActionMask = 2147483647;
			files = (
				AA000020 /* PacketTunnelProvider.swift in Sources */,
				AA000021 /* TunnelConfiguration+WgQuickConfig.swift in Sources */,
				AA000022 /* String+ArrayConversion.swift in Sources */,
			);
			runOnlyForDeploymentPostprocessing = 0;
		};
		AATST010 /* Sources */ = {
			isa = PBXSourcesBuildPhase;
			buildActionMask = 2147483647;
			files = (
				AATST200 /* ModelTests.swift in Sources */,
				AATST201 /* KeychainHelperTests.swift in Sources */,
				AATST202 /* APIClientTests.swift in Sources */,
				AATST203 /* StoreKitManagerTests.swift in Sources */,
				AATST204 /* ServerListManagerTests.swift in Sources */,
				AATST205 /* HavenDNSManagerTests.swift in Sources */,
			);
			runOnlyForDeploymentPostprocessing = 0;
		};
		BBMACSP001 /* Sources */ = {
			isa = PBXSourcesBuildPhase;
			buildActionMask = 2147483647;
			files = (
				BBMAC050 /* WraithVPNMacApp.swift in Sources */,
				BBMAC051 /* MenuBarView.swift in Sources */,
				BBMAC052 /* MenuBarLabel.swift in Sources */,
				BBMAC053 /* TokenEntryView.swift in Sources */,
				BBMAC054 /* APIClient.swift in Sources */,
				BBMAC055 /* StoreKitManager.swift in Sources */,
				BBMAC056 /* HavenDNSManager.swift in Sources */,
				BBMAC057 /* KeychainHelper.swift in Sources */,
				BBMAC058 /* Models.swift in Sources */,
				BBMAC061 /* VPNConfigManager.swift in Sources */,
				BBMAC063 /* WireGuardManager.swift in Sources */,
				BBMAC064 /* ServerListManager.swift in Sources */,
				BBMAC065 /* DesignSystem.swift in Sources */,
				BBMAC066 /* MainMenuView.swift in Sources */,
				BBMAC067 /* MacAccountView.swift in Sources */,
			);
			runOnlyForDeploymentPostprocessing = 0;
		};
/* End PBXSourcesBuildPhase section */

/* Begin PBXTargetDependency section */
		AADEP001 /* PBXTargetDependency */ = {
			isa = PBXTargetDependency;
			target = AATGT002 /* WireGuardTunnel */;
			targetProxy = AADEPPROXY001 /* PBXContainerItemProxy */;
		};
		AATST_DEP /* PBXTargetDependency */ = {
			isa = PBXTargetDependency;
			target = AATGT001 /* WraithVPN */;
			targetProxy = AATST_PROXY /* PBXContainerItemProxy */;
		};
/* End PBXTargetDependency section */

/* Begin XCBuildConfiguration section */
		AAXC000D /* Debug */ = {
			isa = XCBuildConfiguration;
			buildSettings = {
				ALWAYS_SEARCH_USER_PATHS = NO;
				CLANG_ENABLE_MODULES = YES;
				CLANG_ENABLE_OBJC_ARC = YES;
				CLANG_WARN_BLOCK_CAPTURE_AUTORELEASING = YES;
				CLANG_WARN_BOOL_CONVERSION = YES;
				CLANG_WARN_COMMA = YES;
				CLANG_WARN_CONSTANT_CONVERSION = YES;
				CLANG_WARN_DEPRECATED_OBJC_IMPLEMENTATIONS = YES;
				CLANG_WARN_EMPTY_BODY = YES;
				CLANG_WARN_ENUM_CONVERSION = YES;
				CLANG_WARN_INFINITE_RECURSION = YES;
				CLANG_WARN_INT_CONVERSION = YES;
				CLANG_WARN_NON_LITERAL_NULL_CONVERSION = YES;
				CLANG_WARN_OBJC_IMPLICIT_RETAIN_SELF = YES;
				CLANG_WARN_OBJC_LITERAL_CONVERSION = YES;
				CLANG_WARN_QUOTED_INCLUDE_IN_FRAMEWORK_HEADER = YES;
				CLANG_WARN_RANGE_LOOP_ANALYSIS = YES;
				CLANG_WARN_STRICT_PROTOTYPES = YES;
				CLANG_WARN_SUSPICIOUS_MOVE = YES;
				CLANG_WARN_UNREACHABLE_CODE = YES;
				CLANG_WARN__DUPLICATE_METHOD_MATCH = YES;
				COPY_PHASE_STRIP = NO;
				DEBUG_INFORMATION_FORMAT = dwarf;
				ENABLE_STRICT_OBJC_MSGSEND = YES;
				ENABLE_TESTABILITY = YES;
				ENABLE_USER_SCRIPT_SANDBOXING = YES;
				GCC_C_LANGUAGE_STANDARD = gnu17;
				GCC_DYNAMIC_NO_PIC = NO;
				GCC_NO_COMMON_BLOCKS = YES;
				GCC_OPTIMIZATION_LEVEL = 0;
				GCC_PREPROCESSOR_DEFINITIONS = (
					"DEBUG=1",
					"$(inherited)",
				);
				GCC_WARN_64_TO_32_BIT_CONVERSION = YES;
				GCC_WARN_ABOUT_RETURN_TYPE = YES;
				GCC_WARN_UNDECLARED_SELECTOR = YES;
				GCC_WARN_UNINITIALIZED_AUTOS = YES;
				GCC_WARN_UNUSED_FUNCTION = YES;
				GCC_WARN_UNUSED_VARIABLE = YES;
				IPHONEOS_DEPLOYMENT_TARGET = 26.4;
				MTL_ENABLE_DEBUG_INFO = INCLUDE_SOURCE;
				MTL_FAST_MATH = YES;
				ONLY_ACTIVE_ARCH = YES;
				SDKROOT = iphoneos;
				STRING_CATALOG_GENERATE_SYMBOLS = YES;
				SWIFT_ACTIVE_COMPILATION_CONDITIONS = DEBUG;
				SWIFT_OPTIMIZATION_LEVEL = "-Onone";
				SWIFT_VERSION = 5.0;
			};
			name = Debug;
		};
		AAXC000R /* Release */ = {
			isa = XCBuildConfiguration;
			buildSettings = {
				ALWAYS_SEARCH_USER_PATHS = NO;
				CLANG_ENABLE_MODULES = YES;
				CLANG_ENABLE_OBJC_ARC = YES;
				CLANG_WARN_BLOCK_CAPTURE_AUTORELEASING = YES;
				CLANG_WARN_BOOL_CONVERSION = YES;
				CLANG_WARN_COMMA = YES;
				CLANG_WARN_CONSTANT_CONVERSION = YES;
				CLANG_WARN_DEPRECATED_OBJC_IMPLEMENTATIONS = YES;
				CLANG_WARN_EMPTY_BODY = YES;
				CLANG_WARN_ENUM_CONVERSION = YES;
				CLANG_WARN_INFINITE_RECURSION = YES;
				CLANG_WARN_INT_CONVERSION = YES;
				CLANG_WARN_NON_LITERAL_NULL_CONVERSION = YES;
				CLANG_WARN_OBJC_IMPLICIT_RETAIN_SELF = YES;
				CLANG_WARN_OBJC_LITERAL_CONVERSION = YES;
				CLANG_WARN_QUOTED_INCLUDE_IN_FRAMEWORK_HEADER = YES;
				CLANG_WARN_RANGE_LOOP_ANALYSIS = YES;
				CLANG_WARN_STRICT_PROTOTYPES = YES;
				CLANG_WARN_SUSPICIOUS_MOVE = YES;
				CLANG_WARN_UNREACHABLE_CODE = YES;
				CLANG_WARN__DUPLICATE_METHOD_MATCH = YES;
				COPY_PHASE_STRIP = NO;
				DEBUG_INFORMATION_FORMAT = "dwarf-with-dsym";
				ENABLE_NS_ASSERTIONS = NO;
				ENABLE_STRICT_OBJC_MSGSEND = YES;
				ENABLE_USER_SCRIPT_SANDBOXING = YES;
				GCC_C_LANGUAGE_STANDARD = gnu17;
				GCC_NO_COMMON_BLOCKS = YES;
				GCC_OPTIMIZATION_LEVEL = s;
				GCC_WARN_64_TO_32_BIT_CONVERSION = YES;
				GCC_WARN_ABOUT_RETURN_TYPE = YES;
				GCC_WARN_UNDECLARED_SELECTOR = YES;
				GCC_WARN_UNINITIALIZED_AUTOS = YES;
				GCC_WARN_UNUSED_FUNCTION = YES;
				GCC_WARN_UNUSED_VARIABLE = YES;
				IPHONEOS_DEPLOYMENT_TARGET = 26.4;
				MTL_ENABLE_DEBUG_INFO = NO;
				MTL_FAST_MATH = YES;
				SDKROOT = iphoneos;
				STRING_CATALOG_GENERATE_SYMBOLS = YES;
				SWIFT_COMPILATION_MODE = wholemodule;
				SWIFT_OPTIMIZATION_LEVEL = "-O";
				SWIFT_VERSION = 5.0;
				VALIDATE_PRODUCT = YES;
			};
			name = Release;
		};
		AAXC001D /* Debug */ = {
			isa = XCBuildConfiguration;
			buildSettings = {
				ASSETCATALOG_COMPILER_APPICON_NAME = AppIcon;
				ASSETCATALOG_COMPILER_GLOBAL_ACCENT_COLOR_NAME = AccentColor;
				CODE_SIGN_ENTITLEMENTS = WraithVPN/WraithVPN.entitlements;
				CODE_SIGN_STYLE = Automatic;
				CURRENT_PROJECT_VERSION = 76;
				DEVELOPMENT_TEAM = 2SGGP65W6C;
				GENERATE_INFOPLIST_FILE = NO;
				INFOPLIST_FILE = WraithVPN/Info.plist;
				IPHONEOS_DEPLOYMENT_TARGET = 26.4;
				LD_RUNPATH_SEARCH_PATHS = (
					"$(inherited)",
					"@executable_path/Frameworks",
				);
				MARKETING_VERSION = 1.0.79;
				PRODUCT_BUNDLE_IDENTIFIER = com.katafract.wraith;
				PRODUCT_NAME = "$(TARGET_NAME)";
				SUPPORTS_MACCATALYST = YES;
				SUPPORTS_MAC_DESIGNED_FOR_IPHONE_IPAD = NO;
				SWIFT_EMIT_LOC_STRINGS = YES;
				SWIFT_VERSION = 5.0;
				TARGETED_DEVICE_FAMILY = "1,2";
			};
			name = Debug;
		};
		AAXC001R /* Release */ = {
			isa = XCBuildConfiguration;
			buildSettings = {
				ASSETCATALOG_COMPILER_APPICON_NAME = AppIcon;
				ASSETCATALOG_COMPILER_GLOBAL_ACCENT_COLOR_NAME = AccentColor;
				CODE_SIGN_ENTITLEMENTS = WraithVPN/WraithVPN.entitlements;
				CODE_SIGN_STYLE = Automatic;
				CURRENT_PROJECT_VERSION = 76;
				DEVELOPMENT_TEAM = 2SGGP65W6C;
				GENERATE_INFOPLIST_FILE = NO;
				INFOPLIST_FILE = WraithVPN/Info.plist;
				IPHONEOS_DEPLOYMENT_TARGET = 26.4;
				LD_RUNPATH_SEARCH_PATHS = (
					"$(inherited)",
					"@executable_path/Frameworks",
				);
				MARKETING_VERSION = 1.0.79;
				PRODUCT_BUNDLE_IDENTIFIER = com.katafract.wraith;
				PRODUCT_NAME = "$(TARGET_NAME)";
				SUPPORTS_MACCATALYST = YES;
				SUPPORTS_MAC_DESIGNED_FOR_IPHONE_IPAD = NO;
				SWIFT_EMIT_LOC_STRINGS = YES;
				SWIFT_VERSION = 5.0;
				TARGETED_DEVICE_FAMILY = "1,2";
			};
			name = Release;
		};
		AAXC002D /* Debug */ = {
			isa = XCBuildConfiguration;
			buildSettings = {
				CODE_SIGN_ENTITLEMENTS = WireGuardTunnel/WireGuardTunnel.entitlements;
				CODE_SIGN_STYLE = Automatic;
				CURRENT_PROJECT_VERSION = 76;
				DEVELOPMENT_TEAM = 2SGGP65W6C;
				INFOPLIST_FILE = WireGuardTunnel/Info.plist;
				IPHONEOS_DEPLOYMENT_TARGET = 26.4;
				LD_RUNPATH_SEARCH_PATHS = (
					"$(inherited)",
					"@executable_path/Frameworks",
					"@executable_path/../../Frameworks",
				);
				MARKETING_VERSION = 1.0.79;
				PRODUCT_BUNDLE_IDENTIFIER = com.katafract.wraith.tunnel;
				PRODUCT_NAME = WireGuardTunnel;
				SKIP_INSTALL = YES;
				SWIFT_VERSION = 5.0;
				TARGETED_DEVICE_FAMILY = "1,2";
			};
			name = Debug;
		};
		AAXC002R /* Release */ = {
			isa = XCBuildConfiguration;
			buildSettings = {
				CODE_SIGN_ENTITLEMENTS = WireGuardTunnel/WireGuardTunnel.entitlements;
				CODE_SIGN_STYLE = Automatic;
				CURRENT_PROJECT_VERSION = 76;
				DEVELOPMENT_TEAM = 2SGGP65W6C;
				INFOPLIST_FILE = WireGuardTunnel/Info.plist;
				IPHONEOS_DEPLOYMENT_TARGET = 26.4;
				LD_RUNPATH_SEARCH_PATHS = (
					"$(inherited)",
					"@executable_path/Frameworks",
					"@executable_path/../../Frameworks",
				);
				MARKETING_VERSION = 1.0.79;
				PRODUCT_BUNDLE_IDENTIFIER = com.katafract.wraith.tunnel;
				PRODUCT_NAME = WireGuardTunnel;
				SKIP_INSTALL = YES;
				SWIFT_VERSION = 5.0;
				TARGETED_DEVICE_FAMILY = "1,2";
			};
			name = Release;
		};
		AAXC003D /* Debug */ = {
			isa = XCBuildConfiguration;
			buildSettings = {
				BUNDLE_LOADER = "$(TEST_HOST)";
				CODE_SIGN_STYLE = Automatic;
				DEVELOPMENT_TEAM = 2SGGP65W6C;
				GENERATE_INFOPLIST_FILE = YES;
				IPHONEOS_DEPLOYMENT_TARGET = 26.4;
				PRODUCT_BUNDLE_IDENTIFIER = com.katafract.wraith.tests;
				PRODUCT_NAME = "$(TARGET_NAME)";
				SDKROOT = iphoneos;
				SWIFT_VERSION = 5.0;
				TARGETED_DEVICE_FAMILY = "1,2";
				TEST_HOST = "$(BUILT_PRODUCTS_DIR)/WraithVPN.app/$(BUNDLE_EXECUTABLE_FOLDER_PATH)/WraithVPN";
			};
			name = Debug;
		};
		AAXC003R /* Release */ = {
			isa = XCBuildConfiguration;
			buildSettings = {
				BUNDLE_LOADER = "$(TEST_HOST)";
				CODE_SIGN_STYLE = Automatic;
				DEVELOPMENT_TEAM = 2SGGP65W6C;
				GENERATE_INFOPLIST_FILE = YES;
				IPHONEOS_DEPLOYMENT_TARGET = 26.4;
				PRODUCT_BUNDLE_IDENTIFIER = com.katafract.wraith.tests;
				PRODUCT_NAME = "$(TARGET_NAME)";
				SDKROOT = iphoneos;
				SWIFT_VERSION = 5.0;
				TARGETED_DEVICE_FAMILY = "1,2";
				TEST_HOST = "$(BUILT_PRODUCTS_DIR)/WraithVPN.app/$(BUNDLE_EXECUTABLE_FOLDER_PATH)/WraithVPN";
			};
			name = Release;
		};
		BBMACXC001D /* Debug */ = {
			isa = XCBuildConfiguration;
			buildSettings = {
				ASSETCATALOG_COMPILER_APPICON_NAME = AppIcon;
				ASSETCATALOG_COMPILER_GLOBAL_ACCENT_COLOR_NAME = AccentColor;
				CODE_SIGN_ENTITLEMENTS = WraithVPNMac/WraithVPNMac.entitlements;
				CODE_SIGN_STYLE = Automatic;
				CURRENT_PROJECT_VERSION = 76;
				DEVELOPMENT_TEAM = 2SGGP65W6C;
				GENERATE_INFOPLIST_FILE = NO;
				INFOPLIST_FILE = WraithVPNMac/Info.plist;
				LD_RUNPATH_SEARCH_PATHS = (
					"$(inherited)",
					"@executable_path/../Frameworks",
				);
				MACOSX_DEPLOYMENT_TARGET = 13.0;
				MARKETING_VERSION = 1.0.79;
				PRODUCT_BUNDLE_IDENTIFIER = com.katafract.wraith;
				PRODUCT_NAME = "$(TARGET_NAME)";
				SDKROOT = macosx;
				SWIFT_EMIT_LOC_STRINGS = YES;
				SWIFT_VERSION = 5.0;
			};
			name = Debug;
		};
		BBMACXC001R /* Release */ = {
			isa = XCBuildConfiguration;
			buildSettings = {
				ASSETCATALOG_COMPILER_APPICON_NAME = AppIcon;
				ASSETCATALOG_COMPILER_GLOBAL_ACCENT_COLOR_NAME = AccentColor;
				CODE_SIGN_ENTITLEMENTS = WraithVPNMac/WraithVPNMac.entitlements;
				CODE_SIGN_STYLE = Automatic;
				CURRENT_PROJECT_VERSION = 76;
				DEVELOPMENT_TEAM = 2SGGP65W6C;
				GENERATE_INFOPLIST_FILE = NO;
				INFOPLIST_FILE = WraithVPNMac/Info.plist;
				LD_RUNPATH_SEARCH_PATHS = (
					"$(inherited)",
					"@executable_path/../Frameworks",
				);
				MACOSX_DEPLOYMENT_TARGET = 13.0;
				MARKETING_VERSION = 1.0.79;
				PRODUCT_BUNDLE_IDENTIFIER = com.katafract.wraith;
				PRODUCT_NAME = "$(TARGET_NAME)";
				SDKROOT = macosx;
				SWIFT_EMIT_LOC_STRINGS = YES;
				SWIFT_VERSION = 5.0;
			};
			name = Release;
		};
/* End XCBuildConfiguration section */

/* Begin XCConfigurationList section */
		AACL000 /* Build configuration list for PBXProject "WraithVPN" */ = {
			isa = XCConfigurationList;
			buildConfigurations = (
				AAXC000D /* Debug */,
				AAXC000R /* Release */,
			);
			defaultConfigurationIsVisible = 0;
			defaultConfigurationName = Release;
		};
		AACL001 /* Build configuration list for PBXNativeTarget "WraithVPN" */ = {
			isa = XCConfigurationList;
			buildConfigurations = (
				AAXC001D /* Debug */,
				AAXC001R /* Release */,
			);
			defaultConfigurationIsVisible = 0;
			defaultConfigurationName = Release;
		};
		AACL002 /* Build configuration list for PBXNativeTarget "WireGuardTunnel" */ = {
			isa = XCConfigurationList;
			buildConfigurations = (
				AAXC002D /* Debug */,
				AAXC002R /* Release */,
			);
			defaultConfigurationIsVisible = 0;
			defaultConfigurationName = Release;
		};
		AACL003 /* Build configuration list for PBXNativeTarget "WraithVPNTests" */ = {
			isa = XCConfigurationList;
			buildConfigurations = (
				AAXC003D /* Debug */,
				AAXC003R /* Release */,
			);
			defaultConfigurationIsVisible = 0;
			defaultConfigurationName = Release;
		};
		BBMACCL001 /* Build configuration list for PBXNativeTarget "WraithVPNMac" */ = {
			isa = XCConfigurationList;
			buildConfigurations = (
				BBMACXC001D /* Debug */,
				BBMACXC001R /* Release */,
			);
			defaultConfigurationIsVisible = 0;
			defaultConfigurationName = Release;
		};
/* End XCConfigurationList section */

/* Begin XCLocalSwiftPackageReference section */
		BC8F55772F80E2F4009FC332 /* XCLocalSwiftPackageReference "wireguard-apple" */ = {
			isa = XCLocalSwiftPackageReference;
			relativePath = "wireguard-apple";
		};
/* End XCLocalSwiftPackageReference section */

/* Begin XCSwiftPackageProductDependency section */
		BCWGPROD001 /* WireGuardKit */ = {
			isa = XCSwiftPackageProductDependency;
			package = BC8F55772F80E2F4009FC332 /* XCLocalSwiftPackageReference "wireguard-apple" */;
			productName = WireGuardKit;
		};
/* End XCSwiftPackageProductDependency section */
	};
	rootObject = AAPROJ001 /* Project object */;
}
